{
  "version": "5",
  "specifiers": {
    "jsr:@std/internal@^1.0.12": "1.0.12",
    "jsr:@std/path@^1.1.4": "1.1.4",
    "npm:@TomokiMiyauci/cosmos@0.1.9": "0.1.9",
    "npm:@TomokiMiyauci/delivery@0.1.9": "0.1.9",
    "npm:@TomokiMiyauci/field-asset@0.1.9": "0.1.9",
    "npm:@TomokiMiyauci/field-boolean@0.1.9": "0.1.9",
    "npm:@TomokiMiyauci/field-datetime@~0.1.9": "0.1.9",
    "npm:@TomokiMiyauci/field-instance@0.1.9": "0.1.9",
    "npm:@TomokiMiyauci/field-list@0.1.9": "0.1.9",
    "npm:@TomokiMiyauci/field-map@0.1.9": "0.1.9",
    "npm:@TomokiMiyauci/field-markdown@0.1.9": "0.1.9",
    "npm:@TomokiMiyauci/field-number@0.1.9": "0.1.9",
    "npm:@TomokiMiyauci/field-path-reference@~0.1.9": "0.1.9",
    "npm:@TomokiMiyauci/field-string@0.1.9": "0.1.9",
    "npm:@TomokiMiyauci/field-union@~0.1.9": "0.1.9",
    "npm:@TomokiMiyauci/formatter-frontmatter@0.1.9": "0.1.9",
    "npm:@TomokiMiyauci/formatter-json@0.1.9": "0.1.9",
    "npm:@TomokiMiyauci/formatter-text@0.1.9": "0.1.9",
    "npm:@TomokiMiyauci/formatter-yaml@0.1.9": "0.1.9",
    "npm:@TomokiMiyauci/index-fs@0.1.9": "0.1.9",
    "npm:@TomokiMiyauci/indexer@0.1.9": "0.1.9",
    "npm:@TomokiMiyauci/protocol-graphql@0.1.9": "0.1.9",
    "npm:@TomokiMiyauci/resolver-path@~0.1.9": "0.1.9",
    "npm:@TomokiMiyauci/storage-fs@0.1.9": "0.1.9",
    "npm:@TomokiMiyauci/store-sqlite@0.1.9": "0.1.9",
    "npm:i18next@^26.0.6": "26.0.6",
    "npm:markdownlint-cli@0.48": "0.48.0"
  },
  "jsr": {
    "@std/internal@1.0.12": {
      "integrity": "972a634fd5bc34b242024402972cd5143eac68d8dffaca5eaa4dba30ce17b027"
    },
    "@std/path@1.1.4": {
      "integrity": "1d2d43f39efb1b42f0b1882a25486647cb851481862dc7313390b2bb044314b5",
      "dependencies": [
        "jsr:@std/internal"
      ]
    }
  },
  "npm": {
    "@TomokiMiyauci/cosmos@0.1.9": {
      "integrity": "sha512-Sd5NoWTSLVCj6NqDgTLd3+H+mtbuNsEEJD52kts/i2yzo5C0dDrOCfxshbPASv4LivhoQIS6VI0TVXABHOStdw==",
      "tarball": "https://npm.pkg.github.com/download/@TomokiMiyauci/cosmos/0.1.9/a4799d837167c750889b03f192ddfe4e3742df05"
    },
    "@TomokiMiyauci/delivery@0.1.9": {
      "integrity": "sha512-JKXm/wMg9vKeX++24sGL4/kHD2EoP9ItZWHke2HOLbIaUiUx4VAp8S67zxwAf4cccX+86g+EkI/t07dXAOsuAQ==",
      "dependencies": [
        "@TomokiMiyauci/cosmos"
      ],
      "tarball": "https://npm.pkg.github.com/download/@TomokiMiyauci/delivery/0.1.9/cb954d055f5db266a32c0b6e736f822d67514130"
    },
    "@TomokiMiyauci/field-asset@0.1.9": {
      "integrity": "sha512-WZdKC7KegAv6Vqggtb1FpNqZYTDDnifRsJiSWWtLYmpFkoHz5BXYZiK+mWxiGE6nQd/T7n7+PDG6CAmRjzxrjg==",
      "dependencies": [
        "@TomokiMiyauci/cosmos"
      ],
      "tarball": "https://npm.pkg.github.com/download/@TomokiMiyauci/field-asset/0.1.9/34d96c58972ca7c95c90b73ce1b76da679e3c853"
    },
    "@TomokiMiyauci/field-boolean@0.1.9": {
      "integrity": "sha512-OmKP9Q87D18RvX4pBDYFXohHpeQqcoj1am50Ie6jZTT9Qg+SSA4r0S7jRL2SgTBQ95C2l7K1AZI4EUinJgcE8A==",
      "dependencies": [
        "@TomokiMiyauci/cosmos"
      ],
      "tarball": "https://npm.pkg.github.com/download/@TomokiMiyauci/field-boolean/0.1.9/e4c6d2f504e35a657f05a55f25b54bd61bcd888c"
    },
    "@TomokiMiyauci/field-datetime@0.1.9": {
      "integrity": "sha512-hGUJZl47BPCDoAlL8HXf+iBkudpRBh2f6T1JSGVBITsX4LdtKQlLbDTOz9qr+1Rz4bBZYMXGioBHpZa05bv2Gg==",
      "dependencies": [
        "@TomokiMiyauci/cosmos"
      ],
      "tarball": "https://npm.pkg.github.com/download/@TomokiMiyauci/field-datetime/0.1.9/91f1f94a0217bc165e5e9f3b2048ce4b2f99dbc5"
    },
    "@TomokiMiyauci/field-instance@0.1.9": {
      "integrity": "sha512-LDbKNMahe3Y+aIZ4i6DMg3nZMwLxRVfuyA4E1ohCg9MQILGDVIKmrKU4NyOMQocQMfBxSdDWXvDZid0TP54UaA==",
      "dependencies": [
        "@TomokiMiyauci/cosmos"
      ],
      "tarball": "https://npm.pkg.github.com/download/@TomokiMiyauci/field-instance/0.1.9/10414108c13ad0fcc8a965535f2def36aea5ea21"
    },
    "@TomokiMiyauci/field-list@0.1.9": {
      "integrity": "sha512-iGzlm0BRY/QPGzQnjo2/ED7CDRSDmIT6jqOStWMP2I+0GUKnlJdqHdszn/TwsVUKRV+Ta6CYC+pAnbgi3URaGQ==",
      "dependencies": [
        "@TomokiMiyauci/cosmos"
      ],
      "tarball": "https://npm.pkg.github.com/download/@TomokiMiyauci/field-list/0.1.9/255f77d642d5f91e3e2106fe342c4bb0e488eb5e"
    },
    "@TomokiMiyauci/field-map@0.1.9": {
      "integrity": "sha512-yHarEQ+5saAFp6k8izElbJWh3etCEewoU/p03RXWXde4lUYEa1TcpVaIUSc6ukpiUdoT89LuJX2s07i/zk3Xfg==",
      "dependencies": [
        "@TomokiMiyauci/cosmos"
      ],
      "tarball": "https://npm.pkg.github.com/download/@TomokiMiyauci/field-map/0.1.9/14f174552bc25e8fc819703ea10202ce025ab61d"
    },
    "@TomokiMiyauci/field-markdown@0.1.9": {
      "integrity": "sha512-0rf0wIQBmGaCOt44yOzaAho3BZgu3Ikm+YplMOSzjxYuMPhz8b5rlTFTWxPPtowwQp04z6NeBABxeKjwvkm1AA==",
      "dependencies": [
        "@TomokiMiyauci/cosmos",
        "mdast",
        "mdast-util-from-markdown",
        "mdast-util-to-markdown"
      ],
      "tarball": "https://npm.pkg.github.com/download/@TomokiMiyauci/field-markdown/0.1.9/25d7dd55d4142ec30a4c0cd42d180f2932ccadc7"
    },
    "@TomokiMiyauci/field-number@0.1.9": {
      "integrity": "sha512-A/gIH1uUAsxyqDsRPSWFd8+FpObqkqDnbOvmCqzpF6WVLQ5tSsWpNHY/Ldx8Y+Cw77Mf0q5NSXycCd0t+SlWAg==",
      "dependencies": [
        "@TomokiMiyauci/cosmos"
      ],
      "tarball": "https://npm.pkg.github.com/download/@TomokiMiyauci/field-number/0.1.9/79f23a6d0d58beab13d486a546c63c8cd89b0b78"
    },
    "@TomokiMiyauci/field-path-reference@0.1.9": {
      "integrity": "sha512-/u28f0NUr1gt5ul31YxkBSf8L4lJ5uB8c1ILsXVx2+dFIJHkgAk8cVbJ4iPVhYp+ee9hroBXzsDktf5jQ4q6tQ==",
      "dependencies": [
        "@TomokiMiyauci/cosmos"
      ],
      "tarball": "https://npm.pkg.github.com/download/@TomokiMiyauci/field-path-reference/0.1.9/50d8fd583d6a658c4176ebbcb2bb8ab01795be3c"
    },
    "@TomokiMiyauci/field-string@0.1.9": {
      "integrity": "sha512-+b0Hg111Cst3r6rXQj+ZQX6I11RlOmf5OUQL25xRmb72Z6V9Xj5CVp93gAON6+0P+2Q7hYcnIMH1eE7RlijRuA==",
      "dependencies": [
        "@TomokiMiyauci/cosmos"
      ],
      "tarball": "https://npm.pkg.github.com/download/@TomokiMiyauci/field-string/0.1.9/d19b12cc31d1641bac68ac7c6563739ec4eb4094"
    },
    "@TomokiMiyauci/field-union@0.1.9": {
      "integrity": "sha512-Exd44/Q3ISC8wkCz6fmymDdO2gF4BBITfrl2pWRKRy+8v6Kph2zhSgoSe3HEjeiRczKap7gqPLduwJKNMnCATw==",
      "dependencies": [
        "@TomokiMiyauci/cosmos"
      ],
      "tarball": "https://npm.pkg.github.com/download/@TomokiMiyauci/field-union/0.1.9/2d554434f404ccb945ff0785f91d58da979730cd"
    },
    "@TomokiMiyauci/formatter-frontmatter@0.1.9": {
      "integrity": "sha512-kYWyc89K0J9RTDXOQwvYXut0RFI3LEbCkW/n+dn7GCp09Hk6nBzFzNe7+nEaYXhk6/ZeT/CiedxmKtpTXOyUpw==",
      "dependencies": [
        "@TomokiMiyauci/cosmos",
        "gray-matter"
      ],
      "tarball": "https://npm.pkg.github.com/download/@TomokiMiyauci/formatter-frontmatter/0.1.9/ecb60650bb4682faac86f93c4e3175ff666be4e8"
    },
    "@TomokiMiyauci/formatter-json@0.1.9": {
      "integrity": "sha512-Xi+1EITxBCI8etQ+5jeYCmCbpnOWBqagbu/FWk/Fxn2xKI4mkFd2OHtgFZT7el5M5gk/CqBm2lk/F1qahahr3A==",
      "dependencies": [
        "@TomokiMiyauci/cosmos"
      ],
      "tarball": "https://npm.pkg.github.com/download/@TomokiMiyauci/formatter-json/0.1.9/0f7c370e46a62a2ede79bf596b19a23b5c2527d5"
    },
    "@TomokiMiyauci/formatter-text@0.1.9": {
      "integrity": "sha512-K1OvgoMCZ4G7qleb3STkeBGvPal+gqymVcvBJGrmPWcKeTFrBCCzLPGXBTS5vzwHjzs6Jxm0mlM1StjGo7pkIA==",
      "dependencies": [
        "@TomokiMiyauci/cosmos"
      ],
      "tarball": "https://npm.pkg.github.com/download/@TomokiMiyauci/formatter-text/0.1.9/a9b8333c7285add3ff482670ec8a2b765a2e8513"
    },
    "@TomokiMiyauci/formatter-yaml@0.1.9": {
      "integrity": "sha512-G6sfCgwGrjQ1svHfdB7gdLGOVi50r3qsV8wkrBiZ4uxOeCIoNZxO5ytoXvUXmPDov4mMCmKMEDd6ScG5dAtgRw==",
      "dependencies": [
        "@TomokiMiyauci/cosmos"
      ],
      "tarball": "https://npm.pkg.github.com/download/@TomokiMiyauci/formatter-yaml/0.1.9/1aebc020d28094189d271abf59f4798c153b505c"
    },
    "@TomokiMiyauci/index-fs@0.1.9": {
      "integrity": "sha512-NcqePigxXMJaITD02ts/PpJ8foj9NAo+R8jMncOPIoj5WEb/5Dl1NOEstqanstvoWbftSDB8dyphPzGtvDL+zw==",
      "dependencies": [
        "@TomokiMiyauci/cosmos"
      ],
      "tarball": "https://npm.pkg.github.com/download/@TomokiMiyauci/index-fs/0.1.9/e59a6bc49ae5ffabd707031600b05bb31565e339"
    },
    "@TomokiMiyauci/indexer@0.1.9": {
      "integrity": "sha512-izzczDWlsdwHuIjK+F7KRViSzcMlZFITH5iduBoiM19voQpTtaO8pRToINZpqmEUVuI1cPkSsKuiEtZJw709ZQ==",
      "dependencies": [
        "@TomokiMiyauci/cosmos"
      ],
      "tarball": "https://npm.pkg.github.com/download/@TomokiMiyauci/indexer/0.1.9/54feb27ca47b8533ac1b73412519f3321a6a5cb8"
    },
    "@TomokiMiyauci/protocol-graphql@0.1.9": {
      "integrity": "sha512-YrC5jhLva1OvCvS4ThFxhFUaQeNpAvkTxA34vV1EZHJ8y19iaB37T2LF3/kO3tZbcYzoq3MwkPggYhIwUP9qCw==",
      "dependencies": [
        "@TomokiMiyauci/cosmos",
        "@graphql-tools/utils@11.0.1_graphql@16.13.2",
        "graphql",
        "graphql-relay",
        "graphql-scalars",
        "graphql-yoga",
        "mdast",
        "mdast-util-from-markdown",
        "mdast-util-to-markdown"
      ],
      "tarball": "https://npm.pkg.github.com/download/@TomokiMiyauci/protocol-graphql/0.1.9/7fe6b3072c239ab1548d9b298b7d1c82cb7584bc"
    },
    "@TomokiMiyauci/resolver-path@0.1.9": {
      "integrity": "sha512-rTVj5i/hJZObdCRKhm1BKBBFEqe488MbzZ8m9RzU5GXpIpZxfcjHby4l7Kk2AsWvqykJ4L/Vxr/yk2uZZwA5eQ==",
      "dependencies": [
        "@TomokiMiyauci/cosmos"
      ],
      "tarball": "https://npm.pkg.github.com/download/@TomokiMiyauci/resolver-path/0.1.9/091b4ba9e1d01b2d04b593c903e63429324fb49f"
    },
    "@TomokiMiyauci/storage-fs@0.1.9": {
      "integrity": "sha512-3jffkwx/oJsHhqrdnuUrZiC7CjzJkDLiC5Ji6B2SnEAqoMY0W2r7s0vdsazK2CJtNQyvTE3xX6w8N5usq6LHQA==",
      "dependencies": [
        "@TomokiMiyauci/cosmos"
      ],
      "tarball": "https://npm.pkg.github.com/download/@TomokiMiyauci/storage-fs/0.1.9/ac5d0f8fee19850f8952a3517584e1930349c959"
    },
    "@TomokiMiyauci/store-sqlite@0.1.9": {
      "integrity": "sha512-1zHA/2BN2A02myNwqXe/rsC7esTId1HiR7Qa4p/1nbAVXF87U3cBhVOLgEyIiUpUaCgbC5tciTpDpQoHjBWnMQ==",
      "dependencies": [
        "@TomokiMiyauci/cosmos"
      ],
      "tarball": "https://npm.pkg.github.com/download/@TomokiMiyauci/store-sqlite/0.1.9/bcab19c0819a49bf8b6756f5da34a98b49c6cbdf"
    },
    "@babel/runtime@7.29.2": {
      "integrity": "sha512-JiDShH45zKHWyGe4ZNVRrCjBz8Nh9TMmZG1kh4QTK8hCBTWBi8Da+i7s1fJw7/lYpM4ccepSNfqzZ/QvABBi5g=="
    },
    "@envelop/core@5.5.1": {
      "integrity": "sha512-3DQg8sFskDo386TkL5j12jyRAdip/8yzK3x7YGbZBgobZ4aKXrvDU0GppU0SnmrpQnNaiTUsxBs9LKkwQ/eyvw==",
      "dependencies": [
        "@envelop/instrumentation",
        "@envelop/types",
        "@whatwg-node/promise-helpers",
        "tslib"
      ]
    },
    "@envelop/instrumentation@1.0.0": {
      "integrity": "sha512-cxgkB66RQB95H3X27jlnxCRNTmPuSTgmBAq6/4n2Dtv4hsk4yz8FadA1ggmd0uZzvKqWD6CR+WFgTjhDqg7eyw==",
      "dependencies": [
        "@whatwg-node/promise-helpers",
        "tslib"
      ]
    },
    "@envelop/types@5.2.1": {
      "integrity": "sha512-CsFmA3u3c2QoLDTfEpGr4t25fjMU31nyvse7IzWTvb0ZycuPjMjb0fjlheh+PbhBYb9YLugnT2uY6Mwcg1o+Zg==",
      "dependencies": [
        "@whatwg-node/promise-helpers",
        "tslib"
      ]
    },
    "@fastify/busboy@3.2.0": {
      "integrity": "sha512-m9FVDXU3GT2ITSe0UaMA5rU3QkfC/UXtCU8y0gSN/GugTqtVldOBWIB5V6V3sbmenVZUIpU6f+mPEO2+m5iTaA=="
    },
    "@graphql-tools/executor@1.5.2_graphql@16.13.2": {
      "integrity": "sha512-V7QaW/59Dml7DK0MApMP/Z+qx2qkQ0inGJGi/n1JwBHRZehXTKDNKO7OFRA0h6V1w2afmcVso2GFwlDnPyusGA==",
      "dependencies": [
        "@graphql-tools/utils@11.0.1_graphql@16.13.2",
        "@graphql-typed-document-node/core",
        "@repeaterjs/repeater",
        "@whatwg-node/disposablestack",
        "@whatwg-node/promise-helpers",
        "graphql",
        "tslib"
      ]
    },
    "@graphql-tools/merge@9.1.8_graphql@16.13.2": {
      "integrity": "sha512-25V7WDrODo1cPrmuUCrqf5qlMA4a/Ow4aHaqJ1MnTUaluwsV3UiqzCHWux3HSLb0H63mkoZiuOrU5xJhxRcoCg==",
      "dependencies": [
        "@graphql-tools/utils@11.0.1_graphql@16.13.2",
        "graphql",
        "tslib"
      ]
    },
    "@graphql-tools/schema@10.0.32_graphql@16.13.2": {
      "integrity": "sha512-kJ1Qn20MPnlaEVH37639E6rzQ1tEtr6XTUhNdR4EKydl+FijtLhWX2WLZbGnvrYuG8XUcMxsZU9mRRYYNvK02w==",
      "dependencies": [
        "@graphql-tools/merge",
        "@graphql-tools/utils@11.0.1_graphql@16.13.2",
        "graphql",
        "tslib"
      ]
    },
    "@graphql-tools/utils@10.11.0_graphql@16.13.2": {
      "integrity": "sha512-iBFR9GXIs0gCD+yc3hoNswViL1O5josI33dUqiNStFI/MHLCEPduasceAcazRH77YONKNiviHBV8f7OgcT4o2Q==",
      "dependencies": [
        "@graphql-typed-document-node/core",
        "@whatwg-node/promise-helpers",
        "cross-inspect",
        "graphql",
        "tslib"
      ]
    },
    "@graphql-tools/utils@11.0.1_graphql@16.13.2": {
      "integrity": "sha512-pNyCOb95ab/z3zkkiPwIPYxigX7IcpyFVcgD1XACDEvg/7yGnKCESx3k/XHEeneKYx/aWKGzEh/uuf6M6Q8HOw==",
      "dependencies": [
        "@graphql-typed-document-node/core",
        "@whatwg-node/promise-helpers",
        "cross-inspect",
        "graphql",
        "tslib"
      ]
    },
    "@graphql-typed-document-node/core@3.2.0_graphql@16.13.2": {
      "integrity": "sha512-mB9oAsNCm9aM3/SOv4YtBMqZbYj10R7dkq8byBqxGY/ncFwhf2oQzMV+LCRlWoDSEBJ3COiR1yeDvMtsoOsuFQ==",
      "dependencies": [
        "graphql"
      ]
    },
    "@graphql-yoga/logger@2.0.1": {
      "integrity": "sha512-Nv0BoDGLMg9QBKy9cIswQ3/6aKaKjlTh87x3GiBg2Z4RrjyrM48DvOOK0pJh1C1At+b0mUIM67cwZcFTDLN4sA==",
      "dependencies": [
        "tslib"
      ]
    },
    "@graphql-yoga/subscription@5.0.5": {
      "integrity": "sha512-oCMWOqFs6QV96/NZRt/ZhTQvzjkGB4YohBOpKM4jH/lDT4qb7Lex/aGCxpi/JD9njw3zBBtMqxbaC22+tFHVvw==",
      "dependencies": [
        "@graphql-yoga/typed-event-target",
        "@repeaterjs/repeater",
        "@whatwg-node/events",
        "tslib"
      ]
    },
    "@graphql-yoga/typed-event-target@3.0.2": {
      "integrity": "sha512-ZpJxMqB+Qfe3rp6uszCQoag4nSw42icURnBRfFYSOmTgEeOe4rD0vYlbA8spvCu2TlCesNTlEN9BLWtQqLxabA==",
      "dependencies": [
        "@repeaterjs/repeater",
        "tslib"
      ]
    },
    "@repeaterjs/repeater@3.0.6": {
      "integrity": "sha512-Javneu5lsuhwNCryN+pXH93VPQ8g0dBX7wItHFgYiwQmzE1sVdg5tWHiOgHywzL2W21XQopa7IwIEnNbmeUJYA=="
    },
    "@types/debug@4.1.13": {
      "integrity": "sha512-KSVgmQmzMwPlmtljOomayoR89W4FynCAi3E8PPs7vmDVPe84hT+vGPKkJfThkmXs0x0jAaa9U8uW8bbfyS2fWw==",
      "dependencies": [
        "@types/ms"
      ]
    },
    "@types/katex@0.16.8": {
      "integrity": "sha512-trgaNyfU+Xh2Tc+ABIb44a5AYUpicB3uwirOioeOkNPPbmgRNtcWyDeeFRzjPZENO9Vq8gvVqfhaaXWLlevVwg=="
    },
    "@types/mdast@4.0.4": {
      "integrity": "sha512-kGaNbPh1k7AFzgpud/gMdvIm5xuECykRR+JnWKQno9TAXVa6WIVCGTPvYGekIDL4uwCZQSYbUxNBSb1aUo79oA==",
      "dependencies": [
        "@types/unist@3.0.3"
      ]
    },
    "@types/ms@2.1.0": {
      "integrity": "sha512-GsCCIZDE/p3i96vtEqx+7dBUGXrc7zeSK3wwPHIaRThS+9OhWIXRqzs4d6k1SVU8g91DrNRWxWUGhp5KXQb2VA=="
    },
    "@types/unist@2.0.11": {
      "integrity": "sha512-CmBKiL6NNo/OqgmMn95Fk9Whlp2mtvIv+KNpQKN2F4SjvrEesubTRWGYSg+BnWZOnlCaSTU1sMpsBOzgbYhnsA=="
    },
    "@types/unist@3.0.3": {
      "integrity": "sha512-ko/gIFJRv177XgZsZcBwnqJN5x/Gien8qNOn0D5bQU/zAzVf9Zt3BlcUiLqhV9y4ARk0GbT3tnUiPNgnTXzc/Q=="
    },
    "@whatwg-node/disposablestack@0.0.6": {
      "integrity": "sha512-LOtTn+JgJvX8WfBVJtF08TGrdjuFzGJc4mkP8EdDI8ADbvO7kiexYep1o8dwnt0okb0jYclCDXF13xU7Ge4zSw==",
      "dependencies": [
        "@whatwg-node/promise-helpers",
        "tslib"
      ]
    },
    "@whatwg-node/events@0.1.2": {
      "integrity": "sha512-ApcWxkrs1WmEMS2CaLLFUEem/49erT3sxIVjpzU5f6zmVcnijtDSrhoK2zVobOIikZJdH63jdAXOrvjf6eOUNQ==",
      "dependencies": [
        "tslib"
      ]
    },
    "@whatwg-node/fetch@0.10.13": {
      "integrity": "sha512-b4PhJ+zYj4357zwk4TTuF2nEe0vVtOrwdsrNo5hL+u1ojXNhh1FgJ6pg1jzDlwlT4oBdzfSwaBwMCtFCsIWg8Q==",
      "dependencies": [
        "@whatwg-node/node-fetch",
        "urlpattern-polyfill"
      ]
    },
    "@whatwg-node/node-fetch@0.8.5": {
      "integrity": "sha512-4xzCl/zphPqlp9tASLVeUhB5+WJHbuWGYpfoC2q1qh5dw0AqZBW7L27V5roxYWijPxj4sspRAAoOH3d2ztaHUQ==",
      "dependencies": [
        "@fastify/busboy",
        "@whatwg-node/disposablestack",
        "@whatwg-node/promise-helpers",
        "tslib"
      ]
    },
    "@whatwg-node/promise-helpers@1.3.2": {
      "integrity": "sha512-Nst5JdK47VIl9UcGwtv2Rcgyn5lWtZ0/mhRQ4G8NN2isxpq2TO30iqHzmwoJycjWuyUfg3GFXqP/gFHXeV57IA==",
      "dependencies": [
        "tslib"
      ]
    },
    "@whatwg-node/server@0.10.18": {
      "integrity": "sha512-kMwLlxUbduttIgaPdSkmEarFpP+mSY8FEm+QWMBRJwxOHWkri+cxd8KZHO9EMrB9vgUuz+5WEaCawaL5wGVoXg==",
      "dependencies": [
        "@envelop/instrumentation",
        "@whatwg-node/disposablestack",
        "@whatwg-node/fetch",
        "@whatwg-node/promise-helpers",
        "tslib"
      ]
    },
    "ansi-regex@6.2.2": {
      "integrity": "sha512-Bq3SmSpyFHaWjPk8If9yc6svM8c56dB5BAtW4Qbw5jHTwwXXcTLoRMkpDJp6VL0XzlWaCHTXrkFURMYmD0sLqg=="
    },
    "argparse@1.0.10": {
      "integrity": "sha512-o5Roy6tNG4SL/FOkCAN6RzjiakZS25RLYFrcMttJqbdd8BWrnA+fGz57iN5Pb06pvBGvl5gQ0B48dJlslXvoTg==",
      "dependencies": [
        "sprintf-js"
      ]
    },
    "argparse@2.0.1": {
      "integrity": "sha512-8+9WqebbFzpX9OR+Wa6O29asIogeRMzcGtAINdpMHHyAg10f05aSFVBbcEqGf/PXw1EjAZ+q2/bEBg3DvurK3Q=="
    },
    "balanced-match@4.0.4": {
      "integrity": "sha512-BLrgEcRTwX2o6gGxGOCNyMvGSp35YofuYzw9h1IMTRmKqttAZZVU67bdb9Pr2vUHA8+j3i2tJfjO6C6+4myGTA=="
    },
    "brace-expansion@5.0.5": {
      "integrity": "sha512-VZznLgtwhn+Mact9tfiwx64fA9erHH/MCXEUfB/0bX/6Fz6ny5EGTXYltMocqg4xFAQZtnO3DHWWXi8RiuN7cQ==",
      "dependencies": [
        "balanced-match"
      ]
    },
    "character-entities-legacy@3.0.0": {
      "integrity": "sha512-RpPp0asT/6ufRm//AJVwpViZbGM/MkjQFxJccQRHmISF/22NBtsHqAWmL+/pmkPWoIUJdWyeVleTl1wydHATVQ=="
    },
    "character-entities@2.0.2": {
      "integrity": "sha512-shx7oQ0Awen/BRIdkjkvz54PnEEI/EjwXDSIZp86/KKdbafHh1Df/RYGBhn4hbe2+uKC9FnT5UCEdyPz3ai9hQ=="
    },
    "character-reference-invalid@2.0.1": {
      "integrity": "sha512-iBZ4F4wRbyORVsu0jPV7gXkOsGYjGHPmAyv+HiHG8gi5PtC9KI2j1+v8/tlibRvjoWX027ypmG/n0HtO5t7unw=="
    },
    "commander@14.0.3": {
      "integrity": "sha512-H+y0Jo/T1RZ9qPP4Eh1pkcQcLRglraJaSLoyOtHxu6AapkjWVCy2Sit1QQ4x3Dng8qDlSsZEet7g5Pq06MvTgw=="
    },
    "commander@8.3.0": {
      "integrity": "sha512-OkTL9umf+He2DZkUq8f8J9of7yL6RJKI24dVITBmNfZBmri9zYZQrKkuXiKhyfPSu8tUhnVBB1iKXevvnlR4Ww=="
    },
    "cross-inspect@1.0.1": {
      "integrity": "sha512-Pcw1JTvZLSJH83iiGWt6fRcT+BjZlCDRVwYLbUcHzv/CRpB7r0MlSrGbIyQvVSNyGnbt7G4AXuyCiDR3POvZ1A==",
      "dependencies": [
        "tslib"
      ]
    },
    "debug@4.4.3": {
      "integrity": "sha512-RGwwWnwQvkVfavKVt22FGLw+xYSdzARwm0ru6DhTVA3umU5hZc28V3kO4stgYryrTlLpuvgI9GiijltAjNbcqA==",
      "dependencies": [
        "ms"
      ]
    },
    "decode-named-character-reference@1.3.0": {
      "integrity": "sha512-GtpQYB283KrPp6nRw50q3U9/VfOutZOe103qlN7BPP6Ad27xYnOIWv4lPzo8HCAL+mMZofJ9KEy30fq6MfaK6Q==",
      "dependencies": [
        "character-entities"
      ]
    },
    "deep-extend@0.6.0": {
      "integrity": "sha512-LOHxIOaPYdHlJRtCQfDIVZtfw/ufM8+rVj649RIHzcm/vGwQRXFt6OPqIFWsm2XEMrNIEtWR64sY1LEKD2vAOA=="
    },
    "dequal@2.0.3": {
      "integrity": "sha512-0je+qPKHEMohvfRTCEo3CrPG6cAzAYgmzKyxRiYSSDkS6eGJdyVJm7WaYA5ECaAD9wLB2T4EEeymA5aFVcYXCA=="
    },
    "devlop@1.1.0": {
      "integrity": "sha512-RWmIqhcFf1lRYBvNmr7qTNuyCt/7/ns2jbpp1+PalgE/rDQcBT0fioSMUpJ93irlUhC5hrg4cYqe6U+0ImW0rA==",
      "dependencies": [
        "dequal"
      ]
    },
    "entities@4.5.0": {
      "integrity": "sha512-V0hjH4dGPh9Ao5p0MoRY6BVqtwCjhz6vI5LT8AJ55H+4g9/4vbHx1I54fS0XuclLhDHArPQCiMjDxjaL8fPxhw=="
    },
    "esprima@4.0.1": {
      "integrity": "sha512-eGuFFw7Upda+g4p+QHvnW0RyTX/SVeJBDM/gCtMARO0cLuT2HcEKnTPvhjV6aGeqrCB/sbNop0Kszm0jsaWU4A==",
      "bin": true
    },
    "extend-shallow@2.0.1": {
      "integrity": "sha512-zCnTtlxNoAiDc3gqY2aYAWFx7XWWiasuF2K8Me5WbN8otHKTUKBwjPtNpRs/rbUZm7KxWAaNj7P1a/p52GbVug==",
      "dependencies": [
        "is-extendable"
      ]
    },
    "fdir@6.5.0_picomatch@4.0.4": {
      "integrity": "sha512-tIbYtZbucOs0BRGqPJkshJUYdL+SDH7dVM8gjy+ERp3WAUjLEFJE+02kanyHtwjWOnwrKYBiwAmM0p4kLJAnXg==",
      "dependencies": [
        "picomatch"
      ],
      "optionalPeers": [
        "picomatch"
      ]
    },
    "get-east-asian-width@1.5.0": {
      "integrity": "sha512-CQ+bEO+Tva/qlmw24dCejulK5pMzVnUOFOijVogd3KQs07HnRIgp8TGipvCCRT06xeYEbpbgwaCxglFyiuIcmA=="
    },
    "graphql-relay@0.10.2_graphql@16.13.2": {
      "integrity": "sha512-abybva1hmlNt7Y9pMpAzHuFnM2Mme/a2Usd8S4X27fNteLGRAECMYfhmsrpZFvGn3BhmBZugMXYW/Mesv3P1Kw==",
      "dependencies": [
        "graphql"
      ]
    },
    "graphql-scalars@1.25.0_graphql@16.13.2": {
      "integrity": "sha512-b0xyXZeRFkne4Eq7NAnL400gStGqG/Sx9VqX0A05nHyEbv57UJnWKsjNnrpVqv5e/8N1MUxkt0wwcRXbiyKcFg==",
      "dependencies": [
        "graphql",
        "tslib"
      ]
    },
    "graphql-yoga@5.21.0_graphql@16.13.2": {
      "integrity": "sha512-PS37UoDihx8209RRl1ogttzWevNYDnGvP7beHkwHzUpUdfZTHsVRTVe1ysGXre1EjwUAePbpez302YSrq70Ngw==",
      "dependencies": [
        "@envelop/core",
        "@envelop/instrumentation",
        "@graphql-tools/executor",
        "@graphql-tools/schema",
        "@graphql-tools/utils@10.11.0_graphql@16.13.2",
        "@graphql-yoga/logger",
        "@graphql-yoga/subscription",
        "@whatwg-node/fetch",
        "@whatwg-node/promise-helpers",
        "@whatwg-node/server",
        "graphql",
        "lru-cache",
        "tslib"
      ]
    },
    "graphql@16.13.2": {
      "integrity": "sha512-5bJ+nf/UCpAjHM8i06fl7eLyVC9iuNAjm9qzkiu2ZGhM0VscSvS6WDPfAwkdkBuoXGM9FJSbKl6wylMwP9Ktig=="
    },
    "gray-matter@4.0.3": {
      "integrity": "sha512-5v6yZd4JK3eMI3FqqCouswVqwugaA9r4dNZB1wwcmrD02QkV5H0y7XBQW8QwQqEaZY1pM9aqORSORhJRdNK44Q==",
      "dependencies": [
        "js-yaml@3.14.2",
        "kind-of",
        "section-matter",
        "strip-bom-string"
      ]
    },
    "i18next@26.0.6": {
      "integrity": "sha512-A4U6eCXodIbrhf8EarRurB9/4ebyaurH4+fu4gig9bqxmpSt+fCAFm/GpRQDcN1Xzu/LdFCx4nYHsnM1edIIbg==",
      "dependencies": [
        "@babel/runtime"
      ]
    },
    "ignore@7.0.5": {
      "integrity": "sha512-Hs59xBNfUIunMFgWAbGX5cq6893IbWg4KnrjbYwX3tx0ztorVgTDA6B2sxf8ejHJ4wz8BqGUMYlnzNBer5NvGg=="
    },
    "ini@4.1.3": {
      "integrity": "sha512-X7rqawQBvfdjS10YU1y1YVreA3SsLrW9dX2CewP2EbBJM4ypVNLDkO5y04gejPwKIY9lR+7r9gn3rFPt/kmWFg=="
    },
    "is-alphabetical@2.0.1": {
      "integrity": "sha512-FWyyY60MeTNyeSRpkM2Iry0G9hpr7/9kD40mD/cGQEuilcZYS4okz8SN2Q6rLCJ8gbCt6fN+rC+6tMGS99LaxQ=="
    },
    "is-alphanumerical@2.0.1": {
      "integrity": "sha512-hmbYhX/9MUMF5uh7tOXyK/n0ZvWpad5caBA17GsC6vyuCqaWliRG5K1qS9inmUhEMaOBIW7/whAnSwveW/LtZw==",
      "dependencies": [
        "is-alphabetical",
        "is-decimal"
      ]
    },
    "is-decimal@2.0.1": {
      "integrity": "sha512-AAB9hiomQs5DXWcRB1rqsxGUstbRroFOPPVAomNk/3XHR5JyEZChOyTWe2oayKnsSsr/kcGqF+z6yuH6HHpN0A=="
    },
    "is-extendable@0.1.1": {
      "integrity": "sha512-5BMULNob1vgFX6EjQw5izWDxrecWK9AM72rugNr0TFldMOi0fj6Jk+zeKIt0xGj4cEfQIJth4w3OKWOJ4f+AFw=="
    },
    "is-hexadecimal@2.0.1": {
      "integrity": "sha512-DgZQp241c8oO6cA1SbTEWiXeoxV42vlcJxgH+B3hi1AiqqKruZR3ZGF8In3fj4+/y/7rHvlOZLZtgJ/4ttYGZg=="
    },
    "js-yaml@3.14.2": {
      "integrity": "sha512-PMSmkqxr106Xa156c2M265Z+FTrPl+oxd/rgOQy2tijQeK5TxQ43psO1ZCwhVOSdnn+RzkzlRz/eY4BgJBYVpg==",
      "dependencies": [
        "argparse@1.0.10",
        "esprima"
      ],
      "bin": true
    },
    "js-yaml@4.1.1": {
      "integrity": "sha512-qQKT4zQxXl8lLwBtHMWwaTcGfFOZviOJet3Oy/xmGk2gZH677CJM9EvtfdSkgWcATZhj/55JZ0rmy3myCT5lsA==",
      "dependencies": [
        "argparse@2.0.1"
      ],
      "bin": true
    },
    "jsonc-parser@3.3.1": {
      "integrity": "sha512-HUgH65KyejrUFPvHFPbqOY0rsFip3Bo5wb4ngvdi1EpCYWUQDC5V+Y7mZws+DLkr4M//zQJoanu1SP+87Dv1oQ=="
    },
    "jsonpointer@5.0.1": {
      "integrity": "sha512-p/nXbhSEcu3pZRdkW1OfJhpsVtW1gd4Wa1fnQc9YLiTfAjn0312eMKimbdIQzuZl9aa9xUGaRlP9T/CJE/ditQ=="
    },
    "katex@0.16.45": {
      "integrity": "sha512-pQpZbdBu7wCTmQUh7ufPmLr0pFoObnGUoL/yhtwJDgmmQpbkg/0HSVti25Fu4rmd1oCR6NGWe9vqTWuWv3GcNA==",
      "dependencies": [
        "commander@8.3.0"
      ],
      "bin": true
    },
    "kind-of@6.0.3": {
      "integrity": "sha512-dcS1ul+9tmeD95T+x28/ehLgd9mENa3LsvDTtzm3vyBEO7RPptvAD+t44WVXaUjTBRcrpFeFlC8WCruUR456hw=="
    },
    "linkify-it@5.0.0": {
      "integrity": "sha512-5aHCbzQRADcdP+ATqnDuhhJ/MRIqDkZX5pyjFHRRysS8vZ5AbqGEoFIb6pYHPZ+L/OC2Lc+xT8uHVVR5CAK/wQ==",
      "dependencies": [
        "uc.micro"
      ]
    },
    "longest-streak@3.1.0": {
      "integrity": "sha512-9Ri+o0JYgehTaVBBDoMqIl8GXtbWg711O3srftcHhZ0dqnETqLaoIK0x17fUw9rFSlK/0NlsKe0Ahhyl5pXE2g=="
    },
    "lru-cache@10.4.3": {
      "integrity": "sha512-JNAzZcXrCt42VGLuYz0zfAzDfAvJWW6AfYlDBQyDV5DClI2m5sAmK+OIO7s59XfsRsWHp02jAJrRadPRGTt6SQ=="
    },
    "markdown-it@14.1.1": {
      "integrity": "sha512-BuU2qnTti9YKgK5N+IeMubp14ZUKUUw7yeJbkjtosvHiP0AZ5c8IAgEMk79D0eC8F23r4Ac/q8cAIFdm2FtyoA==",
      "dependencies": [
        "argparse@2.0.1",
        "entities",
        "linkify-it",
        "mdurl",
        "punycode.js",
        "uc.micro"
      ],
      "bin": true
    },
    "markdownlint-cli@0.48.0": {
      "integrity": "sha512-NkZQNu2E0Q5qLEEHwWj674eYISTLD4jMHkBzDobujXd1kv+yCxi8jOaD/rZoQNW1FBBMMGQpuW5So8B51N/e0A==",
      "dependencies": [
        "commander@14.0.3",
        "deep-extend",
        "ignore",
        "js-yaml@4.1.1",
        "jsonc-parser",
        "jsonpointer",
        "markdown-it",
        "markdownlint",
        "minimatch",
        "run-con",
        "smol-toml",
        "tinyglobby"
      ],
      "bin": true
    },
    "markdownlint@0.40.0": {
      "integrity": "sha512-UKybllYNheWac61Ia7T6fzuQNDZimFIpCg2w6hHjgV1Qu0w1TV0LlSgryUGzM0bkKQCBhy2FDhEELB73Kb0kAg==",
      "dependencies": [
        "micromark",
        "micromark-core-commonmark",
        "micromark-extension-directive",
        "micromark-extension-gfm-autolink-literal",
        "micromark-extension-gfm-footnote",
        "micromark-extension-gfm-table",
        "micromark-extension-math",
        "micromark-util-types",
        "string-width"
      ]
    },
    "mdast-util-from-markdown@2.0.3": {
      "integrity": "sha512-W4mAWTvSlKvf8L6J+VN9yLSqQ9AOAAvHuoDAmPkz4dHf553m5gVj2ejadHJhoJmcmxEnOv6Pa8XJhpxE93kb8Q==",
      "dependencies": [
        "@types/mdast",
        "@types/unist@3.0.3",
        "decode-named-character-reference",
        "devlop",
        "mdast-util-to-string",
        "micromark",
        "micromark-util-decode-numeric-character-reference",
        "micromark-util-decode-string",
        "micromark-util-normalize-identifier",
        "micromark-util-symbol",
        "micromark-util-types",
        "unist-util-stringify-position"
      ]
    },
    "mdast-util-phrasing@4.1.0": {
      "integrity": "sha512-TqICwyvJJpBwvGAMZjj4J2n0X8QWp21b9l0o7eXyVJ25YNWYbJDVIyD1bZXE6WtV6RmKJVYmQAKWa0zWOABz2w==",
      "dependencies": [
        "@types/mdast",
        "unist-util-is"
      ]
    },
    "mdast-util-to-markdown@2.1.2": {
      "integrity": "sha512-xj68wMTvGXVOKonmog6LwyJKrYXZPvlwabaryTjLh9LuvovB/KAH+kvi8Gjj+7rJjsFi23nkUxRQv1KqSroMqA==",
      "dependencies": [
        "@types/mdast",
        "@types/unist@3.0.3",
        "longest-streak",
        "mdast-util-phrasing",
        "mdast-util-to-string",
        "micromark-util-classify-character",
        "micromark-util-decode-string",
        "unist-util-visit",
        "zwitch"
      ]
    },
    "mdast-util-to-string@4.0.0": {
      "integrity": "sha512-0H44vDimn51F0YwvxSJSm0eCDOJTRlmN0R1yBh4HLj9wiV1Dn0QoXGbvFAWj2hSItVTlCmBF1hqKlIyUBVFLPg==",
      "dependencies": [
        "@types/mdast"
      ]
    },
    "mdast@3.0.0": {
      "integrity": "sha512-xySmf8g4fPKMeC07jXGz971EkLbWAJ83s4US2Tj9lEdnZ142UP5grN73H1Xd3HzrdbU5o9GYYP/y8F9ZSwLE9g==",
      "deprecated": true
    },
    "mdurl@2.0.0": {
      "integrity": "sha512-Lf+9+2r+Tdp5wXDXC4PcIBjTDtq4UKjCPMQhKIuzpJNW0b96kVqSwW0bT7FhRSfmAiFYgP+SCRvdrDozfh0U5w=="
    },
    "micromark-core-commonmark@2.0.3": {
      "integrity": "sha512-RDBrHEMSxVFLg6xvnXmb1Ayr2WzLAWjeSATAoxwKYJV94TeNavgoIdA0a9ytzDSVzBy2YKFK+emCPOEibLeCrg==",
      "dependencies": [
        "decode-named-character-reference",
        "devlop",
        "micromark-factory-destination",
        "micromark-factory-label",
        "micromark-factory-space",
        "micromark-factory-title",
        "micromark-factory-whitespace",
        "micromark-util-character",
        "micromark-util-chunked",
        "micromark-util-classify-character",
        "micromark-util-html-tag-name",
        "micromark-util-normalize-identifier",
        "micromark-util-resolve-all",
        "micromark-util-subtokenize",
        "micromark-util-symbol",
        "micromark-util-types"
      ]
    },
    "micromark-extension-directive@4.0.0": {
      "integrity": "sha512-/C2nqVmXXmiseSSuCdItCMho7ybwwop6RrrRPk0KbOHW21JKoCldC+8rFOaundDoRBUWBnJJcxeA/Kvi34WQXg==",
      "dependencies": [
        "devlop",
        "micromark-factory-space",
        "micromark-factory-whitespace",
        "micromark-util-character",
        "micromark-util-symbol",
        "micromark-util-types",
        "parse-entities"
      ]
    },
    "micromark-extension-gfm-autolink-literal@2.1.0": {
      "integrity": "sha512-oOg7knzhicgQ3t4QCjCWgTmfNhvQbDDnJeVu9v81r7NltNCVmhPy1fJRX27pISafdjL+SVc4d3l48Gb6pbRypw==",
      "dependencies": [
        "micromark-util-character",
        "micromark-util-sanitize-uri",
        "micromark-util-symbol",
        "micromark-util-types"
      ]
    },
    "micromark-extension-gfm-footnote@2.1.0": {
      "integrity": "sha512-/yPhxI1ntnDNsiHtzLKYnE3vf9JZ6cAisqVDauhp4CEHxlb4uoOTxOCJ+9s51bIB8U1N1FJ1RXOKTIlD5B/gqw==",
      "dependencies": [
        "devlop",
        "micromark-core-commonmark",
        "micromark-factory-space",
        "micromark-util-character",
        "micromark-util-normalize-identifier",
        "micromark-util-sanitize-uri",
        "micromark-util-symbol",
        "micromark-util-types"
      ]
    },
    "micromark-extension-gfm-table@2.1.1": {
      "integrity": "sha512-t2OU/dXXioARrC6yWfJ4hqB7rct14e8f7m0cbI5hUmDyyIlwv5vEtooptH8INkbLzOatzKuVbQmAYcbWoyz6Dg==",
      "dependencies": [
        "devlop",
        "micromark-factory-space",
        "micromark-util-character",
        "micromark-util-symbol",
        "micromark-util-types"
      ]
    },
    "micromark-extension-math@3.1.0": {
      "integrity": "sha512-lvEqd+fHjATVs+2v/8kg9i5Q0AP2k85H0WUOwpIVvUML8BapsMvh1XAogmQjOCsLpoKRCVQqEkQBB3NhVBcsOg==",
      "dependencies": [
        "@types/katex",
        "devlop",
        "katex",
        "micromark-factory-space",
        "micromark-util-character",
        "micromark-util-symbol",
        "micromark-util-types"
      ]
    },
    "micromark-factory-destination@2.0.1": {
      "integrity": "sha512-Xe6rDdJlkmbFRExpTOmRj9N3MaWmbAgdpSrBQvCFqhezUn4AHqJHbaEnfbVYYiexVSs//tqOdY/DxhjdCiJnIA==",
      "dependencies": [
        "micromark-util-character",
        "micromark-util-symbol",
        "micromark-util-types"
      ]
    },
    "micromark-factory-label@2.0.1": {
      "integrity": "sha512-VFMekyQExqIW7xIChcXn4ok29YE3rnuyveW3wZQWWqF4Nv9Wk5rgJ99KzPvHjkmPXF93FXIbBp6YdW3t71/7Vg==",
      "dependencies": [
        "devlop",
        "micromark-util-character",
        "micromark-util-symbol",
        "micromark-util-types"
      ]
    },
    "micromark-factory-space@2.0.1": {
      "integrity": "sha512-zRkxjtBxxLd2Sc0d+fbnEunsTj46SWXgXciZmHq0kDYGnck/ZSGj9/wULTV95uoeYiK5hRXP2mJ98Uo4cq/LQg==",
      "dependencies": [
        "micromark-util-character",
        "micromark-util-types"
      ]
    },
    "micromark-factory-title@2.0.1": {
      "integrity": "sha512-5bZ+3CjhAd9eChYTHsjy6TGxpOFSKgKKJPJxr293jTbfry2KDoWkhBb6TcPVB4NmzaPhMs1Frm9AZH7OD4Cjzw==",
      "dependencies": [
        "micromark-factory-space",
        "micromark-util-character",
        "micromark-util-symbol",
        "micromark-util-types"
      ]
    },
    "micromark-factory-whitespace@2.0.1": {
      "integrity": "sha512-Ob0nuZ3PKt/n0hORHyvoD9uZhr+Za8sFoP+OnMcnWK5lngSzALgQYKMr9RJVOWLqQYuyn6ulqGWSXdwf6F80lQ==",
      "dependencies": [
        "micromark-factory-space",
        "micromark-util-character",
        "micromark-util-symbol",
        "micromark-util-types"
      ]
    },
    "micromark-util-character@2.1.1": {
      "integrity": "sha512-wv8tdUTJ3thSFFFJKtpYKOYiGP2+v96Hvk4Tu8KpCAsTMs6yi+nVmGh1syvSCsaxz45J6Jbw+9DD6g97+NV67Q==",
      "dependencies": [
        "micromark-util-symbol",
        "micromark-util-types"
      ]
    },
    "micromark-util-chunked@2.0.1": {
      "integrity": "sha512-QUNFEOPELfmvv+4xiNg2sRYeS/P84pTW0TCgP5zc9FpXetHY0ab7SxKyAQCNCc1eK0459uoLI1y5oO5Vc1dbhA==",
      "dependencies": [
        "micromark-util-symbol"
      ]
    },
    "micromark-util-classify-character@2.0.1": {
      "integrity": "sha512-K0kHzM6afW/MbeWYWLjoHQv1sgg2Q9EccHEDzSkxiP/EaagNzCm7T/WMKZ3rjMbvIpvBiZgwR3dKMygtA4mG1Q==",
      "dependencies": [
        "micromark-util-character",
        "micromark-util-symbol",
        "micromark-util-types"
      ]
    },
    "micromark-util-combine-extensions@2.0.1": {
      "integrity": "sha512-OnAnH8Ujmy59JcyZw8JSbK9cGpdVY44NKgSM7E9Eh7DiLS2E9RNQf0dONaGDzEG9yjEl5hcqeIsj4hfRkLH/Bg==",
      "dependencies": [
        "micromark-util-chunked",
        "micromark-util-types"
      ]
    },
    "micromark-util-decode-numeric-character-reference@2.0.2": {
      "integrity": "sha512-ccUbYk6CwVdkmCQMyr64dXz42EfHGkPQlBj5p7YVGzq8I7CtjXZJrubAYezf7Rp+bjPseiROqe7G6foFd+lEuw==",
      "dependencies": [
        "micromark-util-symbol"
      ]
    },
    "micromark-util-decode-string@2.0.1": {
      "integrity": "sha512-nDV/77Fj6eH1ynwscYTOsbK7rR//Uj0bZXBwJZRfaLEJ1iGBR6kIfNmlNqaqJf649EP0F3NWNdeJi03elllNUQ==",
      "dependencies": [
        "decode-named-character-reference",
        "micromark-util-character",
        "micromark-util-decode-numeric-character-reference",
        "micromark-util-symbol"
      ]
    },
    "micromark-util-encode@2.0.1": {
      "integrity": "sha512-c3cVx2y4KqUnwopcO9b/SCdo2O67LwJJ/UyqGfbigahfegL9myoEFoDYZgkT7f36T0bLrM9hZTAaAyH+PCAXjw=="
    },
    "micromark-util-html-tag-name@2.0.1": {
      "integrity": "sha512-2cNEiYDhCWKI+Gs9T0Tiysk136SnR13hhO8yW6BGNyhOC4qYFnwF1nKfD3HFAIXA5c45RrIG1ub11GiXeYd1xA=="
    },
    "micromark-util-normalize-identifier@2.0.1": {
      "integrity": "sha512-sxPqmo70LyARJs0w2UclACPUUEqltCkJ6PhKdMIDuJ3gSf/Q+/GIe3WKl0Ijb/GyH9lOpUkRAO2wp0GVkLvS9Q==",
      "dependencies": [
        "micromark-util-symbol"
      ]
    },
    "micromark-util-resolve-all@2.0.1": {
      "integrity": "sha512-VdQyxFWFT2/FGJgwQnJYbe1jjQoNTS4RjglmSjTUlpUMa95Htx9NHeYW4rGDJzbjvCsl9eLjMQwGeElsqmzcHg==",
      "dependencies": [
        "micromark-util-types"
      ]
    },
    "micromark-util-sanitize-uri@2.0.1": {
      "integrity": "sha512-9N9IomZ/YuGGZZmQec1MbgxtlgougxTodVwDzzEouPKo3qFWvymFHWcnDi2vzV1ff6kas9ucW+o3yzJK9YB1AQ==",
      "dependencies": [
        "micromark-util-character",
        "micromark-util-encode",
        "micromark-util-symbol"
      ]
    },
    "micromark-util-subtokenize@2.1.0": {
      "integrity": "sha512-XQLu552iSctvnEcgXw6+Sx75GflAPNED1qx7eBJ+wydBb2KCbRZe+NwvIEEMM83uml1+2WSXpBAcp9IUCgCYWA==",
      "dependencies": [
        "devlop",
        "micromark-util-chunked",
        "micromark-util-symbol",
        "micromark-util-types"
      ]
    },
    "micromark-util-symbol@2.0.1": {
      "integrity": "sha512-vs5t8Apaud9N28kgCrRUdEed4UJ+wWNvicHLPxCa9ENlYuAY31M0ETy5y1vA33YoNPDFTghEbnh6efaE8h4x0Q=="
    },
    "micromark-util-types@2.0.2": {
      "integrity": "sha512-Yw0ECSpJoViF1qTU4DC6NwtC4aWGt1EkzaQB8KPPyCRR8z9TWeV0HbEFGTO+ZY1wB22zmxnJqhPyTpOVCpeHTA=="
    },
    "micromark@4.0.2": {
      "integrity": "sha512-zpe98Q6kvavpCr1NPVSCMebCKfD7CA2NqZ+rykeNhONIJBpc1tFKt9hucLGwha3jNTNI8lHpctWJWoimVF4PfA==",
      "dependencies": [
        "@types/debug",
        "debug",
        "decode-named-character-reference",
        "devlop",
        "micromark-core-commonmark",
        "micromark-factory-space",
        "micromark-util-character",
        "micromark-util-chunked",
        "micromark-util-combine-extensions",
        "micromark-util-decode-numeric-character-reference",
        "micromark-util-encode",
        "micromark-util-normalize-identifier",
        "micromark-util-resolve-all",
        "micromark-util-sanitize-uri",
        "micromark-util-subtokenize",
        "micromark-util-symbol",
        "micromark-util-types"
      ]
    },
    "minimatch@10.2.5": {
      "integrity": "sha512-MULkVLfKGYDFYejP07QOurDLLQpcjk7Fw+7jXS2R2czRQzR56yHRveU5NDJEOviH+hETZKSkIk5c+T23GjFUMg==",
      "dependencies": [
        "brace-expansion"
      ]
    },
    "minimist@1.2.8": {
      "integrity": "sha512-2yyAR8qBkN3YuheJanUpWC5U3bb5osDywNB8RzDVlDwDHbocAJveqqj1u8+SVD7jkWT4yvsHCpWqqWqAxb0zCA=="
    },
    "ms@2.1.3": {
      "integrity": "sha512-6FlzubTLZG3J2a/NVCAleEhjzq5oxgHyaCU9yYXvcLsvoVaHJq/s5xXI6/XXP6tz7R9xAOtHnSO/tXtF3WRTlA=="
    },
    "parse-entities@4.0.2": {
      "integrity": "sha512-GG2AQYWoLgL877gQIKeRPGO1xF9+eG1ujIb5soS5gPvLQ1y2o8FL90w2QWNdf9I361Mpp7726c+lj3U0qK1uGw==",
      "dependencies": [
        "@types/unist@2.0.11",
        "character-entities-legacy",
        "character-reference-invalid",
        "decode-named-character-reference",
        "is-alphanumerical",
        "is-decimal",
        "is-hexadecimal"
      ]
    },
    "picomatch@4.0.4": {
      "integrity": "sha512-QP88BAKvMam/3NxH6vj2o21R6MjxZUAd6nlwAS/pnGvN9IVLocLHxGYIzFhg6fUQ+5th6P4dv4eW9jX3DSIj7A=="
    },
    "punycode.js@2.3.1": {
      "integrity": "sha512-uxFIHU0YlHYhDQtV4R9J6a52SLx28BCjT+4ieh7IGbgwVJWO+km431c4yRlREUAsAmt/uMjQUyQHNEPf0M39CA=="
    },
    "run-con@1.3.2": {
      "integrity": "sha512-CcfE+mYiTcKEzg0IqS08+efdnH0oJ3zV0wSUFBNrMHMuxCtXvBCLzCJHatwuXDcu/RlhjTziTo/a1ruQik6/Yg==",
      "dependencies": [
        "deep-extend",
        "ini",
        "minimist",
        "strip-json-comments"
      ],
      "bin": true
    },
    "section-matter@1.0.0": {
      "integrity": "sha512-vfD3pmTzGpufjScBh50YHKzEu2lxBWhVEHsNGoEXmCmn2hKGfeNLYMzCJpe8cD7gqX7TJluOVpBkAequ6dgMmA==",
      "dependencies": [
        "extend-shallow",
        "kind-of"
      ]
    },
    "smol-toml@1.6.1": {
      "integrity": "sha512-dWUG8F5sIIARXih1DTaQAX4SsiTXhInKf1buxdY9DIg4ZYPZK5nGM1VRIYmEbDbsHt7USo99xSLFu5Q1IqTmsg=="
    },
    "sprintf-js@1.0.3": {
      "integrity": "sha512-D9cPgkvLlV3t3IzL0D0YLvGA9Ahk4PcvVwUbN0dSGr1aP0Nrt4AEnTUbuGvquEC0mA64Gqt1fzirlRs5ibXx8g=="
    },
    "string-width@8.1.0": {
      "integrity": "sha512-Kxl3KJGb/gxkaUMOjRsQ8IrXiGW75O4E3RPjFIINOVH8AMl2SQ/yWdTzWwF3FevIX9LcMAjJW+GRwAlAbTSXdg==",
      "dependencies": [
        "get-east-asian-width",
        "strip-ansi"
      ]
    },
    "strip-ansi@7.2.0": {
      "integrity": "sha512-yDPMNjp4WyfYBkHnjIRLfca1i6KMyGCtsVgoKe/z1+6vukgaENdgGBZt+ZmKPc4gavvEZ5OgHfHdrazhgNyG7w==",
      "dependencies": [
        "ansi-regex"
      ]
    },
    "strip-bom-string@1.0.0": {
      "integrity": "sha512-uCC2VHvQRYu+lMh4My/sFNmF2klFymLX1wHJeXnbEJERpV/ZsVuonzerjfrGpIGF7LBVa1O7i9kjiWvJiFck8g=="
    },
    "strip-json-comments@3.1.1": {
      "integrity": "sha512-6fPc+R4ihwqP6N/aIv2f1gMH8lOVtWQHoqC4yK6oSDVVocumAsfCqjkXnqiYMhmMwS/mEHLp7Vehlt3ql6lEig=="
    },
    "tinyglobby@0.2.16": {
      "integrity": "sha512-pn99VhoACYR8nFHhxqix+uvsbXineAasWm5ojXoN8xEwK5Kd3/TrhNn1wByuD52UxWRLy8pu+kRMniEi6Eq9Zg==",
      "dependencies": [
        "fdir",
        "picomatch"
      ]
    },
    "tslib@2.8.1": {
      "integrity": "sha512-oJFu94HQb+KVduSUQL7wnpmqnfmLsOA/nAh6b6EH0wCEoK0/mPeXU6c3wKDV83MkOuHPRHtSXKKU99IBazS/2w=="
    },
    "uc.micro@2.1.0": {
      "integrity": "sha512-ARDJmphmdvUk6Glw7y9DQ2bFkKBHwQHLi2lsaH6PPmz/Ka9sFOBsBluozhDltWmnv9u/cF6Rt87znRTPV+yp/A=="
    },
    "unist-util-is@6.0.1": {
      "integrity": "sha512-LsiILbtBETkDz8I9p1dQ0uyRUWuaQzd/cuEeS1hoRSyW5E5XGmTzlwY1OrNzzakGowI9Dr/I8HVaw4hTtnxy8g==",
      "dependencies": [
        "@types/unist@3.0.3"
      ]
    },
    "unist-util-stringify-position@4.0.0": {
      "integrity": "sha512-0ASV06AAoKCDkS2+xw5RXJywruurpbC4JZSm7nr7MOt1ojAzvyyaO+UxZf18j8FCF6kmzCZKcAgN/yu2gm2XgQ==",
      "dependencies": [
        "@types/unist@3.0.3"
      ]
    },
    "unist-util-visit-parents@6.0.2": {
      "integrity": "sha512-goh1s1TBrqSqukSc8wrjwWhL0hiJxgA8m4kFxGlQ+8FYQ3C/m11FcTs4YYem7V664AhHVvgoQLk890Ssdsr2IQ==",
      "dependencies": [
        "@types/unist@3.0.3",
        "unist-util-is"
      ]
    },
    "unist-util-visit@5.1.0": {
      "integrity": "sha512-m+vIdyeCOpdr/QeQCu2EzxX/ohgS8KbnPDgFni4dQsfSCtpz8UqDyY5GjRru8PDKuYn7Fq19j1CQ+nJSsGKOzg==",
      "dependencies": [
        "@types/unist@3.0.3",
        "unist-util-is",
        "unist-util-visit-parents"
      ]
    },
    "urlpattern-polyfill@10.1.0": {
      "integrity": "sha512-IGjKp/o0NL3Bso1PymYURCJxMPNAf/ILOpendP9f5B6e1rTJgdgiOvgfoT8VxCAdY+Wisb9uhGaJJf3yZ2V9nw=="
    },
    "zwitch@2.0.4": {
      "integrity": "sha512-bXE4cR/kVZhKZX/RjPEflHaKVhUVl85noU3v6b8apfQEc1x4A+zBxjZ4lN8LqGd6WZ3dl98pY4o717VFmoPp+A=="
    }
  },
  "workspace": {
    "dependencies": [
      "jsr:@std/path@^1.1.4",
      "npm:@TomokiMiyauci/cosmos@0.1.9",
      "npm:@TomokiMiyauci/delivery@0.1.9",
      "npm:@TomokiMiyauci/field-asset@0.1.9",
      "npm:@TomokiMiyauci/field-boolean@0.1.9",
      "npm:@TomokiMiyauci/field-datetime@~0.1.9",
      "npm:@TomokiMiyauci/field-instance@0.1.9",
      "npm:@TomokiMiyauci/field-list@0.1.9",
      "npm:@TomokiMiyauci/field-map@0.1.9",
      "npm:@TomokiMiyauci/field-markdown@0.1.9",
      "npm:@TomokiMiyauci/field-number@0.1.9",
      "npm:@TomokiMiyauci/field-path-reference@~0.1.9",
      "npm:@TomokiMiyauci/field-string@0.1.9",
      "npm:@TomokiMiyauci/field-union@~0.1.9",
      "npm:@TomokiMiyauci/formatter-frontmatter@0.1.9",
      "npm:@TomokiMiyauci/formatter-json@0.1.9",
      "npm:@TomokiMiyauci/formatter-text@0.1.9",
      "npm:@TomokiMiyauci/formatter-yaml@0.1.9",
      "npm:@TomokiMiyauci/index-fs@0.1.9",
      "npm:@TomokiMiyauci/indexer@0.1.9",
      "npm:@TomokiMiyauci/protocol-graphql@0.1.9",
      "npm:@TomokiMiyauci/resolver-path@~0.1.9",
      "npm:@TomokiMiyauci/storage-fs@0.1.9",
      "npm:@TomokiMiyauci/store-sqlite@0.1.9",
      "npm:i18next@^26.0.6",
      "npm:markdownlint-cli@0.48"
    ]
  }
}
