{
  "version": "5",
  "specifiers": {
    "jsr:@std/internal@^1.0.12": "1.0.13",
    "jsr:@std/path@^1.1.4": "1.1.4",
    "npm:@TomokiMiyauci/codec-asset@0.1.33": "0.1.33",
    "npm:@TomokiMiyauci/codec-boolean@0.1.33": "0.1.33",
    "npm:@TomokiMiyauci/codec-datetime@~0.1.33": "0.1.33",
    "npm:@TomokiMiyauci/codec-instance@0.1.33": "0.1.33",
    "npm:@TomokiMiyauci/codec-list@0.1.33": "0.1.33",
    "npm:@TomokiMiyauci/codec-map@0.1.33": "0.1.33",
    "npm:@TomokiMiyauci/codec-markdown@0.1.33": "0.1.33",
    "npm:@TomokiMiyauci/codec-number@0.1.33": "0.1.33",
    "npm:@TomokiMiyauci/codec-reference@~0.1.33": "0.1.33",
    "npm:@TomokiMiyauci/codec-string@0.1.33": "0.1.33",
    "npm:@TomokiMiyauci/codec-union@~0.1.33": "0.1.33",
    "npm:@TomokiMiyauci/converter-path@~0.1.33": "0.1.33",
    "npm:@TomokiMiyauci/cosmos@0.1.33": "0.1.33",
    "npm:@TomokiMiyauci/delivery@0.1.33": "0.1.33",
    "npm:@TomokiMiyauci/formatter-frontmatter@0.1.33": "0.1.33",
    "npm:@TomokiMiyauci/formatter-json@0.1.33": "0.1.33",
    "npm:@TomokiMiyauci/formatter-text@0.1.33": "0.1.33",
    "npm:@TomokiMiyauci/formatter-yaml@0.1.33": "0.1.33",
    "npm:@TomokiMiyauci/graphql-schema-transformer@~0.1.33": "0.1.33",
    "npm:@TomokiMiyauci/indexer@0.1.33": "0.1.33",
    "npm:@TomokiMiyauci/locator-fs@~0.1.33": "0.1.33",
    "npm:@TomokiMiyauci/protocol-graphql@0.1.33": "0.1.33",
    "npm:@TomokiMiyauci/storage-fs@0.1.33": "0.1.33",
    "npm:@TomokiMiyauci/store-sqlite@0.1.33": "0.1.33",
    "npm:i18next@^26.0.8": "26.0.8",
    "npm:markdownlint-cli2@*": "0.22.1",
    "npm:markdownlint-cli2@~0.22.1": "0.22.1",
    "npm:markdownlint-rule-relative-links@^5.1.0": "5.1.0"
  },
  "jsr": {
    "@std/internal@1.0.13": {
      "integrity": "2f9546691d4ac2d32859c82dff284aaeac980ddeca38430d07941e7e288725c0"
    },
    "@std/path@1.1.4": {
      "integrity": "1d2d43f39efb1b42f0b1882a25486647cb851481862dc7313390b2bb044314b5",
      "dependencies": [
        "jsr:@std/internal"
      ]
    }
  },
  "npm": {
    "@TomokiMiyauci/codec-asset@0.1.33": {
      "integrity": "sha512-cw/OdEdTcahPf4TmtGC72BaZD416Ye9O271G65gqHER0DIwMtTOvBizdTdZm5unTzqv42m2bXGXlyFD81aH/UA==",
      "dependencies": [
        "@TomokiMiyauci/cosmos"
      ],
      "tarball": "https://npm.pkg.github.com/download/@TomokiMiyauci/codec-asset/0.1.33/12362f8a3ce99fa0f0f24fad60cf74b9ca579526"
    },
    "@TomokiMiyauci/codec-boolean@0.1.33": {
      "integrity": "sha512-bBoJ37UENrZOOp2KngfhpWnAmc5EjmDxJFkMwjFhxyyXjiUQv2ddIGpPBa9xAl8JJBi9DrWee3qOLXbte5wwlQ==",
      "dependencies": [
        "@TomokiMiyauci/cosmos"
      ],
      "tarball": "https://npm.pkg.github.com/download/@TomokiMiyauci/codec-boolean/0.1.33/4889d125f764cac7cc7d43473683d01d36032758"
    },
    "@TomokiMiyauci/codec-datetime@0.1.33": {
      "integrity": "sha512-J670JC2fXhGgO0FcALBb90eoaPL85vUd8M7h3IBOBvYVVfexr+Oeo4eAGDwxV450ThlK7mPS78er/4AR6xDn9Q==",
      "dependencies": [
        "@TomokiMiyauci/cosmos"
      ],
      "tarball": "https://npm.pkg.github.com/download/@TomokiMiyauci/codec-datetime/0.1.33/54911cb2cc0b9faf10c55968ca02e55f39a1addf"
    },
    "@TomokiMiyauci/codec-instance@0.1.33": {
      "integrity": "sha512-JSDSFhuMAlu/ZP/zzwhbHItollpWekVJusskEquPltKjQnqheEpwb0tQQXG194mH9zMdgLPimKNCERoVheXhYw==",
      "dependencies": [
        "@TomokiMiyauci/cosmos"
      ],
      "tarball": "https://npm.pkg.github.com/download/@TomokiMiyauci/codec-instance/0.1.33/7456ff78b9f38e75f3d39b3772ab325f726e90e2"
    },
    "@TomokiMiyauci/codec-list@0.1.33": {
      "integrity": "sha512-+fwc/lhZqQYckR0rmnhkGMzjGaTtY+6UMVPZ7A7TvBGUX40phZvaqwUQek4CSqnq1ic8uvf9M65flmc3e4g7GA==",
      "dependencies": [
        "@TomokiMiyauci/cosmos"
      ],
      "tarball": "https://npm.pkg.github.com/download/@TomokiMiyauci/codec-list/0.1.33/521bc7573bf8b17d2ddc7a39b37482d71bd2c0ff"
    },
    "@TomokiMiyauci/codec-map@0.1.33": {
      "integrity": "sha512-jVqj0Zvelshkr3AlXY3P2JvvKBa7A6mJUGVnLc2ZFpR37EsTYWr+by58CjvV0tDJObmXz+C2HPM9D2yOrsBzyw==",
      "dependencies": [
        "@TomokiMiyauci/cosmos"
      ],
      "tarball": "https://npm.pkg.github.com/download/@TomokiMiyauci/codec-map/0.1.33/0e42934ad51c189cea7475f09b3a3dbe2ec2d8fb"
    },
    "@TomokiMiyauci/codec-markdown@0.1.33": {
      "integrity": "sha512-/2DpR0QwJblbqdhC9WmmPbwWhxBqirX23lrBQ+3DvfdABfYtaJYtZRxTY0k+mFaglxR+3vtZxHowHopZ3twgqQ==",
      "dependencies": [
        "@TomokiMiyauci/cosmos",
        "mdast",
        "mdast-util-from-markdown",
        "mdast-util-to-markdown"
      ],
      "tarball": "https://npm.pkg.github.com/download/@TomokiMiyauci/codec-markdown/0.1.33/f6cdfa47a70af540cf34d1d5f7323df54a8a874e"
    },
    "@TomokiMiyauci/codec-number@0.1.33": {
      "integrity": "sha512-STpsjgs/Ei2g4ihXZ+D0i9rM2VIRBHm775sF2MqWNiC9Vh6brv38hBwgcFB40cemMTk90nrchGq0cmAMOBuK2A==",
      "dependencies": [
        "@TomokiMiyauci/cosmos"
      ],
      "tarball": "https://npm.pkg.github.com/download/@TomokiMiyauci/codec-number/0.1.33/2bcebddc63f8b29d1180991ad91c7ba73e4a1a35"
    },
    "@TomokiMiyauci/codec-reference@0.1.33": {
      "integrity": "sha512-IvHmHeF+1UiAaFlKHFvANyW6SU+/Duj/hPurZFlc3CplYb2rgVO6fIDLcKnwKYNVzDkjn4u3vtjIvT8X+b3JyA==",
      "dependencies": [
        "@TomokiMiyauci/cosmos"
      ],
      "tarball": "https://npm.pkg.github.com/download/@TomokiMiyauci/codec-reference/0.1.33/8da49195db817bfa8e387257c83465c196f9557d"
    },
    "@TomokiMiyauci/codec-string@0.1.33": {
      "integrity": "sha512-FCGCpHdYDra4HQCPSacktRDuZrYPOP6bpfBtu3mPZJYfTIfMthFbtwkoVSTxEqEcUQboOsciaGGnK8dSIe+pGg==",
      "dependencies": [
        "@TomokiMiyauci/cosmos",
        "@TomokiMiyauci/node-builder"
      ],
      "tarball": "https://npm.pkg.github.com/download/@TomokiMiyauci/codec-string/0.1.33/917da5a10c6553a958647513ee8784856d642a1e"
    },
    "@TomokiMiyauci/codec-union@0.1.33": {
      "integrity": "sha512-JxaG3TsGT1xRHDE7GRfCYm93w49liLDcMXCo+/4kWG4wACoB3aQr2pxwHHoA9Pe3U7OBMDNR2YFXVI7XfCKLsw==",
      "dependencies": [
        "@TomokiMiyauci/cosmos"
      ],
      "tarball": "https://npm.pkg.github.com/download/@TomokiMiyauci/codec-union/0.1.33/468dfc80937e69bf9b290c54c4f7005f0e32a8ae"
    },
    "@TomokiMiyauci/converter-path@0.1.33": {
      "integrity": "sha512-DF8Aj+gGVhC6Xd5zOzbhkRnXMTWwaqGtBtLMs16VRS9G+DwiqxaGaSsIm7KRlTjvzcoE6IwmvZ/46nSpKu6leg==",
      "dependencies": [
        "@TomokiMiyauci/cosmos"
      ],
      "tarball": "https://npm.pkg.github.com/download/@TomokiMiyauci/converter-path/0.1.33/af6c9d4922efe5ecf5d75cb44d3ba97eeb77f2d0"
    },
    "@TomokiMiyauci/cosmos@0.1.33": {
      "integrity": "sha512-StFstHXDIGtsxbo+s6jMFJABA6G+nmm/uDnKzhiTYSRIUPZ7zLHwpR/eNSSTQA9mmBRNV/Raba6jT+Z+PupB3w==",
      "tarball": "https://npm.pkg.github.com/download/@TomokiMiyauci/cosmos/0.1.33/5b92bf6ca7b50648150111ddacc8021f072e7fee"
    },
    "@TomokiMiyauci/delivery@0.1.33": {
      "integrity": "sha512-UyAY+nqLoCOUwUjaGjsOTV7y4kvPMfdbMh38xLsHt/vaft+XS7SQ9abTesAkIDgL+5VhIj3eBgKqH6GX7qb2DA==",
      "dependencies": [
        "@TomokiMiyauci/cosmos",
        "@TomokiMiyauci/node-walker"
      ],
      "tarball": "https://npm.pkg.github.com/download/@TomokiMiyauci/delivery/0.1.33/42d1633ceca77073395104faa0342f0b6d3cd40e"
    },
    "@TomokiMiyauci/formatter-frontmatter@0.1.33": {
      "integrity": "sha512-zd2juVs5qATqMUDWvcUcPvf8dWbPKL9AaL8KB2OncIpnVB+TZYO94hpWF9RnbTXzvO9MUsgUdz34siTh/dZlLQ==",
      "dependencies": [
        "@TomokiMiyauci/cosmos",
        "gray-matter"
      ],
      "tarball": "https://npm.pkg.github.com/download/@TomokiMiyauci/formatter-frontmatter/0.1.33/20ad37690eb13999e408dbc0e171d6acbff1fcb3"
    },
    "@TomokiMiyauci/formatter-json@0.1.33": {
      "integrity": "sha512-6/LHckHUCOhgf0SDQUIOP6mh6D/3IxDVAOIH7wC5I5lllh7NiZOIPQXyq+qPoLVA5HLiLOMJS7Q4IiM5H+P5Xw==",
      "dependencies": [
        "@TomokiMiyauci/cosmos"
      ],
      "tarball": "https://npm.pkg.github.com/download/@TomokiMiyauci/formatter-json/0.1.33/4a6b664ae7c0f2c9baf43ebc0bc236dca3eb340a"
    },
    "@TomokiMiyauci/formatter-text@0.1.33": {
      "integrity": "sha512-mnSu8DO58gnhTOW+xWar5QE30iybYSyRGQQ1Lmach0SA+mNrWs/uxiJ8FEauaVaze5P12T7/OxXreowjgZgpwg==",
      "dependencies": [
        "@TomokiMiyauci/cosmos"
      ],
      "tarball": "https://npm.pkg.github.com/download/@TomokiMiyauci/formatter-text/0.1.33/c38d294ed824eb9969dd2640558d95f7bea454ff"
    },
    "@TomokiMiyauci/formatter-yaml@0.1.33": {
      "integrity": "sha512-p1EXuDIl/T7ZRkXaCnQbn0hGAlzOmj3s3fFQGF5JCorK0AMJQMSfqntoWHO5fpqOixcOSjnt/dnzCnNprvfGgQ==",
      "dependencies": [
        "@TomokiMiyauci/cosmos"
      ],
      "tarball": "https://npm.pkg.github.com/download/@TomokiMiyauci/formatter-yaml/0.1.33/1284c8149c68e4e87a29c0fa1658114538a78a5c"
    },
    "@TomokiMiyauci/glob@0.1.33": {
      "integrity": "sha512-x08O06f5Qv7tYcka6NXAldcnxwpCdActvPaR9dkZiyYZFDueXDxYvDIL8BBRQDFHkStbC9HxJCbRRxdbS9Ez9Q==",
      "tarball": "https://npm.pkg.github.com/download/@TomokiMiyauci/glob/0.1.33/d07065b784a92c4b026de11cc01e5dbe6f7bbab0"
    },
    "@TomokiMiyauci/graphql-schema-transformer@0.1.33": {
      "integrity": "sha512-8HoLBzqAHNUdQrhAPuRLT3x6ij9FR0ikV2USGD3bF8NjnrufsaBveTqPd+RaCo79dSXuI6BDRwe4VVM+gvUuSQ==",
      "dependencies": [
        "@graphql-tools/utils@11.1.0_graphql@16.13.2",
        "graphql"
      ],
      "tarball": "https://npm.pkg.github.com/download/@TomokiMiyauci/graphql-schema-transformer/0.1.33/ebd65acbf39a1768fabfed1055212c5c501d51d6"
    },
    "@TomokiMiyauci/indexer@0.1.33": {
      "integrity": "sha512-t7Y6wz5Z+8/mm0X4sYoeVeVkCpmXn50CzXlEo+RLiKxLoAG/jvc5AHsSD/W9Lggw0e5nv0a9jL8xc9OX1E9tpg==",
      "dependencies": [
        "@TomokiMiyauci/cosmos"
      ],
      "tarball": "https://npm.pkg.github.com/download/@TomokiMiyauci/indexer/0.1.33/50e7b165c464ada391c02c2f224db6b4f5fc2950"
    },
    "@TomokiMiyauci/locator-fs@0.1.33": {
      "integrity": "sha512-6kXceVzWAmzNAnSaGFf2T6jAfJlnjcXlDdqYcTP8JhfD8sU+1Hbtuhuwqix0rURZb55C7msLauB5CL30AWwkUQ==",
      "dependencies": [
        "@TomokiMiyauci/cosmos",
        "@TomokiMiyauci/glob"
      ],
      "tarball": "https://npm.pkg.github.com/download/@TomokiMiyauci/locator-fs/0.1.33/e41cdf3b0e37f5fffa6f396abc4c72cc6fc01f69"
    },
    "@TomokiMiyauci/node-builder@0.1.33": {
      "integrity": "sha512-QKEEbScKAT74y5Ewk6K4KULEQAZ/UERhWjrihAj9FSH0JR4/4eB1ChSBFk5I4Ogv1pS9QuKm6ZpL3mnrhXtAtQ==",
      "dependencies": [
        "@TomokiMiyauci/cosmos"
      ],
      "tarball": "https://npm.pkg.github.com/download/@TomokiMiyauci/node-builder/0.1.33/1d49736526fe89ba8c4ced8d8feac0d2a86bb2d7"
    },
    "@TomokiMiyauci/node-walker@0.1.33": {
      "integrity": "sha512-Wa5ZyccoElHi8tIQanzPZ9seUOtIUUbbzZP+7sFHh9Q7I6Na9N2SUbioj9Zo1qa7SLAbWATIsYrPX+Qw1xPNKQ==",
      "dependencies": [
        "@TomokiMiyauci/cosmos"
      ],
      "tarball": "https://npm.pkg.github.com/download/@TomokiMiyauci/node-walker/0.1.33/fbb9d272dffadcafe8574d7e32b9c37233457f8d"
    },
    "@TomokiMiyauci/protocol-graphql@0.1.33": {
      "integrity": "sha512-II1CraZStmpJKJhziZTqucHSY6h1u2AtHXugkBVqMwgztULK035zj9c2LW2K2jhDGHlUo6nvZqz5Y89z0Do/Pg==",
      "dependencies": [
        "@TomokiMiyauci/cosmos",
        "@graphql-tools/utils@11.1.0_graphql@16.13.2",
        "graphql",
        "graphql-relay",
        "graphql-scalars",
        "graphql-yoga",
        "mdast",
        "mdast-util-from-markdown",
        "mdast-util-to-markdown"
      ],
      "tarball": "https://npm.pkg.github.com/download/@TomokiMiyauci/protocol-graphql/0.1.33/0fa41719f2edf63f22fffde745f3103f8caa3628"
    },
    "@TomokiMiyauci/storage-fs@0.1.33": {
      "integrity": "sha512-PbNsFzyCHbLxvZpfNSWmY0KRsXTcqjlx0c2INi5gm3UBkOzSu32eunBheuoF08x3dOoY2avFHyJqb0ptszirTw==",
      "dependencies": [
        "@TomokiMiyauci/cosmos"
      ],
      "tarball": "https://npm.pkg.github.com/download/@TomokiMiyauci/storage-fs/0.1.33/49a57f567e95b61a87e60de803850d26fe7a5ca1"
    },
    "@TomokiMiyauci/store-sqlite@0.1.33": {
      "integrity": "sha512-8UO3nBdpOYXGnQc1ZgWeHp7EUm516vdefhGO7GJoUx49LMux6qht2hONgbSF4HAmdQmhZ6uqGvdtCLOz4nMmiw==",
      "dependencies": [
        "@TomokiMiyauci/cosmos"
      ],
      "tarball": "https://npm.pkg.github.com/download/@TomokiMiyauci/store-sqlite/0.1.33/ac5993c0f4a2c436b274fb365a0477e23f6c274b"
    },
    "@envelop/core@5.5.1": {
      "integrity": "sha512-3DQg8sFskDo386TkL5j12jyRAdip/8yzK3x7YGbZBgobZ4aKXrvDU0GppU0SnmrpQnNaiTUsxBs9LKkwQ/eyvw==",
      "dependencies": [
        "@envelop/instrumentation",
        "@envelop/types",
        "@whatwg-node/promise-helpers",
        "tslib"
      ]
    },
    "@envelop/instrumentation@1.0.0": {
      "integrity": "sha512-cxgkB66RQB95H3X27jlnxCRNTmPuSTgmBAq6/4n2Dtv4hsk4yz8FadA1ggmd0uZzvKqWD6CR+WFgTjhDqg7eyw==",
      "dependencies": [
        "@whatwg-node/promise-helpers",
        "tslib"
      ]
    },
    "@envelop/types@5.2.1": {
      "integrity": "sha512-CsFmA3u3c2QoLDTfEpGr4t25fjMU31nyvse7IzWTvb0ZycuPjMjb0fjlheh+PbhBYb9YLugnT2uY6Mwcg1o+Zg==",
      "dependencies": [
        "@whatwg-node/promise-helpers",
        "tslib"
      ]
    },
    "@fastify/busboy@3.2.0": {
      "integrity": "sha512-m9FVDXU3GT2ITSe0UaMA5rU3QkfC/UXtCU8y0gSN/GugTqtVldOBWIB5V6V3sbmenVZUIpU6f+mPEO2+m5iTaA=="
    },
    "@graphql-tools/executor@1.5.3_graphql@16.13.2": {
      "integrity": "sha512-mgBFC0bsrZPZLu9EnydpMnAuQ8Iiq0CEbUcsmvXsm2/iYektGHDN/+bmb7hicA6dWZtdPfklYJmr21WD0GnOfA==",
      "dependencies": [
        "@graphql-tools/utils@11.1.0_graphql@16.13.2",
        "@graphql-typed-document-node/core",
        "@repeaterjs/repeater",
        "@whatwg-node/disposablestack",
        "@whatwg-node/promise-helpers",
        "graphql",
        "tslib"
      ]
    },
    "@graphql-tools/merge@9.1.9_graphql@16.13.2": {
      "integrity": "sha512-iHUWNjRHeQRYdgIMIuChThOwoKzA9vrzYeslgfBo5eUYEyHGZCoDPjAavssoYXLwstYt1dZj2J22jSzc2DrN0Q==",
      "dependencies": [
        "@graphql-tools/utils@11.1.0_graphql@16.13.2",
        "graphql",
        "tslib"
      ]
    },
    "@graphql-tools/schema@10.0.33_graphql@16.13.2": {
      "integrity": "sha512-O6P3RIftO0jafnSsFAqpjurUuUxJ43s/AdPVLQsBkI6y4Ic/tKm4C1Qm1KKQsCDTOxXPJClh/v3g7k7yLKCFBQ==",
      "dependencies": [
        "@graphql-tools/merge",
        "@graphql-tools/utils@11.1.0_graphql@16.13.2",
        "graphql",
        "tslib"
      ]
    },
    "@graphql-tools/utils@10.11.0_graphql@16.13.2": {
      "integrity": "sha512-iBFR9GXIs0gCD+yc3hoNswViL1O5josI33dUqiNStFI/MHLCEPduasceAcazRH77YONKNiviHBV8f7OgcT4o2Q==",
      "dependencies": [
        "@graphql-typed-document-node/core",
        "@whatwg-node/promise-helpers",
        "cross-inspect",
        "graphql",
        "tslib"
      ]
    },
    "@graphql-tools/utils@11.1.0_graphql@16.13.2": {
      "integrity": "sha512-PtFVG4r8Z2LEBSaPYQMusBiB3o6kjLVJyjCLbnWem/SpSuM21v6LTmgpkXfYU1qpBV2UGsFyuEnSJInl8fR1Ag==",
      "dependencies": [
        "@graphql-typed-document-node/core",
        "@whatwg-node/promise-helpers",
        "cross-inspect",
        "graphql",
        "tslib"
      ]
    },
    "@graphql-typed-document-node/core@3.2.0_graphql@16.13.2": {
      "integrity": "sha512-mB9oAsNCm9aM3/SOv4YtBMqZbYj10R7dkq8byBqxGY/ncFwhf2oQzMV+LCRlWoDSEBJ3COiR1yeDvMtsoOsuFQ==",
      "dependencies": [
        "graphql"
      ]
    },
    "@graphql-yoga/logger@2.0.1": {
      "integrity": "sha512-Nv0BoDGLMg9QBKy9cIswQ3/6aKaKjlTh87x3GiBg2Z4RrjyrM48DvOOK0pJh1C1At+b0mUIM67cwZcFTDLN4sA==",
      "dependencies": [
        "tslib"
      ]
    },
    "@graphql-yoga/subscription@5.0.5": {
      "integrity": "sha512-oCMWOqFs6QV96/NZRt/ZhTQvzjkGB4YohBOpKM4jH/lDT4qb7Lex/aGCxpi/JD9njw3zBBtMqxbaC22+tFHVvw==",
      "dependencies": [
        "@graphql-yoga/typed-event-target",
        "@repeaterjs/repeater",
        "@whatwg-node/events",
        "tslib"
      ]
    },
    "@graphql-yoga/typed-event-target@3.0.2": {
      "integrity": "sha512-ZpJxMqB+Qfe3rp6uszCQoag4nSw42icURnBRfFYSOmTgEeOe4rD0vYlbA8spvCu2TlCesNTlEN9BLWtQqLxabA==",
      "dependencies": [
        "@repeaterjs/repeater",
        "tslib"
      ]
    },
    "@nodelib/fs.scandir@2.1.5": {
      "integrity": "sha512-vq24Bq3ym5HEQm2NKCr3yXDwjc7vTsEThRDnkp2DK9p1uqLR+DHurm/NOTo0KG7HYHU7eppKZj3MyqYuMBf62g==",
      "dependencies": [
        "@nodelib/fs.stat",
        "run-parallel"
      ]
    },
    "@nodelib/fs.stat@2.0.5": {
      "integrity": "sha512-RkhPPp2zrqDAQA/2jNhnztcPAlv64XdhIp7a7454A5ovI7Bukxgt7MX7udwAu3zg1DcpPU0rz3VV1SeaqvY4+A=="
    },
    "@nodelib/fs.walk@1.2.8": {
      "integrity": "sha512-oGB+UxlgWcgQkgwo8GcEGwemoTFt3FIO9ababBmaGwXIoBKZ+GTy0pP185beGg7Llih/NSHSV2XAs1lnznocSg==",
      "dependencies": [
        "@nodelib/fs.scandir",
        "fastq"
      ]
    },
    "@repeaterjs/repeater@3.0.6": {
      "integrity": "sha512-Javneu5lsuhwNCryN+pXH93VPQ8g0dBX7wItHFgYiwQmzE1sVdg5tWHiOgHywzL2W21XQopa7IwIEnNbmeUJYA=="
    },
    "@sindresorhus/merge-streams@4.0.0": {
      "integrity": "sha512-tlqY9xq5ukxTUZBmoOp+m61cqwQD5pHJtFY3Mn8CA8ps6yghLH/Hw8UPdqg4OLmFW3IFlcXnQNmo/dh8HzXYIQ=="
    },
    "@types/debug@4.1.13": {
      "integrity": "sha512-KSVgmQmzMwPlmtljOomayoR89W4FynCAi3E8PPs7vmDVPe84hT+vGPKkJfThkmXs0x0jAaa9U8uW8bbfyS2fWw==",
      "dependencies": [
        "@types/ms"
      ]
    },
    "@types/katex@0.16.8": {
      "integrity": "sha512-trgaNyfU+Xh2Tc+ABIb44a5AYUpicB3uwirOioeOkNPPbmgRNtcWyDeeFRzjPZENO9Vq8gvVqfhaaXWLlevVwg=="
    },
    "@types/mdast@4.0.4": {
      "integrity": "sha512-kGaNbPh1k7AFzgpud/gMdvIm5xuECykRR+JnWKQno9TAXVa6WIVCGTPvYGekIDL4uwCZQSYbUxNBSb1aUo79oA==",
      "dependencies": [
        "@types/unist@3.0.3"
      ]
    },
    "@types/ms@2.1.0": {
      "integrity": "sha512-GsCCIZDE/p3i96vtEqx+7dBUGXrc7zeSK3wwPHIaRThS+9OhWIXRqzs4d6k1SVU8g91DrNRWxWUGhp5KXQb2VA=="
    },
    "@types/unist@2.0.11": {
      "integrity": "sha512-CmBKiL6NNo/OqgmMn95Fk9Whlp2mtvIv+KNpQKN2F4SjvrEesubTRWGYSg+BnWZOnlCaSTU1sMpsBOzgbYhnsA=="
    },
    "@types/unist@3.0.3": {
      "integrity": "sha512-ko/gIFJRv177XgZsZcBwnqJN5x/Gien8qNOn0D5bQU/zAzVf9Zt3BlcUiLqhV9y4ARk0GbT3tnUiPNgnTXzc/Q=="
    },
    "@whatwg-node/disposablestack@0.0.6": {
      "integrity": "sha512-LOtTn+JgJvX8WfBVJtF08TGrdjuFzGJc4mkP8EdDI8ADbvO7kiexYep1o8dwnt0okb0jYclCDXF13xU7Ge4zSw==",
      "dependencies": [
        "@whatwg-node/promise-helpers",
        "tslib"
      ]
    },
    "@whatwg-node/events@0.1.2": {
      "integrity": "sha512-ApcWxkrs1WmEMS2CaLLFUEem/49erT3sxIVjpzU5f6zmVcnijtDSrhoK2zVobOIikZJdH63jdAXOrvjf6eOUNQ==",
      "dependencies": [
        "tslib"
      ]
    },
    "@whatwg-node/fetch@0.10.13": {
      "integrity": "sha512-b4PhJ+zYj4357zwk4TTuF2nEe0vVtOrwdsrNo5hL+u1ojXNhh1FgJ6pg1jzDlwlT4oBdzfSwaBwMCtFCsIWg8Q==",
      "dependencies": [
        "@whatwg-node/node-fetch",
        "urlpattern-polyfill"
      ]
    },
    "@whatwg-node/node-fetch@0.8.5": {
      "integrity": "sha512-4xzCl/zphPqlp9tASLVeUhB5+WJHbuWGYpfoC2q1qh5dw0AqZBW7L27V5roxYWijPxj4sspRAAoOH3d2ztaHUQ==",
      "dependencies": [
        "@fastify/busboy",
        "@whatwg-node/disposablestack",
        "@whatwg-node/promise-helpers",
        "tslib"
      ]
    },
    "@whatwg-node/promise-helpers@1.3.2": {
      "integrity": "sha512-Nst5JdK47VIl9UcGwtv2Rcgyn5lWtZ0/mhRQ4G8NN2isxpq2TO30iqHzmwoJycjWuyUfg3GFXqP/gFHXeV57IA==",
      "dependencies": [
        "tslib"
      ]
    },
    "@whatwg-node/server@0.10.18": {
      "integrity": "sha512-kMwLlxUbduttIgaPdSkmEarFpP+mSY8FEm+QWMBRJwxOHWkri+cxd8KZHO9EMrB9vgUuz+5WEaCawaL5wGVoXg==",
      "dependencies": [
        "@envelop/instrumentation",
        "@whatwg-node/disposablestack",
        "@whatwg-node/fetch",
        "@whatwg-node/promise-helpers",
        "tslib"
      ]
    },
    "ansi-regex@6.2.2": {
      "integrity": "sha512-Bq3SmSpyFHaWjPk8If9yc6svM8c56dB5BAtW4Qbw5jHTwwXXcTLoRMkpDJp6VL0XzlWaCHTXrkFURMYmD0sLqg=="
    },
    "argparse@1.0.10": {
      "integrity": "sha512-o5Roy6tNG4SL/FOkCAN6RzjiakZS25RLYFrcMttJqbdd8BWrnA+fGz57iN5Pb06pvBGvl5gQ0B48dJlslXvoTg==",
      "dependencies": [
        "sprintf-js"
      ]
    },
    "argparse@2.0.1": {
      "integrity": "sha512-8+9WqebbFzpX9OR+Wa6O29asIogeRMzcGtAINdpMHHyAg10f05aSFVBbcEqGf/PXw1EjAZ+q2/bEBg3DvurK3Q=="
    },
    "braces@3.0.3": {
      "integrity": "sha512-yQbXgO/OSZVD2IsiLlro+7Hf6Q18EJrKSEsdoMzKePKXct3gvD8oLcOQdIzGupr5Fj+EDe8gO/lxc1BzfMpxvA==",
      "dependencies": [
        "fill-range"
      ]
    },
    "character-entities-legacy@3.0.0": {
      "integrity": "sha512-RpPp0asT/6ufRm//AJVwpViZbGM/MkjQFxJccQRHmISF/22NBtsHqAWmL+/pmkPWoIUJdWyeVleTl1wydHATVQ=="
    },
    "character-entities@2.0.2": {
      "integrity": "sha512-shx7oQ0Awen/BRIdkjkvz54PnEEI/EjwXDSIZp86/KKdbafHh1Df/RYGBhn4hbe2+uKC9FnT5UCEdyPz3ai9hQ=="
    },
    "character-reference-invalid@2.0.1": {
      "integrity": "sha512-iBZ4F4wRbyORVsu0jPV7gXkOsGYjGHPmAyv+HiHG8gi5PtC9KI2j1+v8/tlibRvjoWX027ypmG/n0HtO5t7unw=="
    },
    "commander@8.3.0": {
      "integrity": "sha512-OkTL9umf+He2DZkUq8f8J9of7yL6RJKI24dVITBmNfZBmri9zYZQrKkuXiKhyfPSu8tUhnVBB1iKXevvnlR4Ww=="
    },
    "cross-inspect@1.0.1": {
      "integrity": "sha512-Pcw1JTvZLSJH83iiGWt6fRcT+BjZlCDRVwYLbUcHzv/CRpB7r0MlSrGbIyQvVSNyGnbt7G4AXuyCiDR3POvZ1A==",
      "dependencies": [
        "tslib"
      ]
    },
    "debug@4.4.3": {
      "integrity": "sha512-RGwwWnwQvkVfavKVt22FGLw+xYSdzARwm0ru6DhTVA3umU5hZc28V3kO4stgYryrTlLpuvgI9GiijltAjNbcqA==",
      "dependencies": [
        "ms"
      ]
    },
    "decode-named-character-reference@1.3.0": {
      "integrity": "sha512-GtpQYB283KrPp6nRw50q3U9/VfOutZOe103qlN7BPP6Ad27xYnOIWv4lPzo8HCAL+mMZofJ9KEy30fq6MfaK6Q==",
      "dependencies": [
        "character-entities"
      ]
    },
    "dequal@2.0.3": {
      "integrity": "sha512-0je+qPKHEMohvfRTCEo3CrPG6cAzAYgmzKyxRiYSSDkS6eGJdyVJm7WaYA5ECaAD9wLB2T4EEeymA5aFVcYXCA=="
    },
    "devlop@1.1.0": {
      "integrity": "sha512-RWmIqhcFf1lRYBvNmr7qTNuyCt/7/ns2jbpp1+PalgE/rDQcBT0fioSMUpJ93irlUhC5hrg4cYqe6U+0ImW0rA==",
      "dependencies": [
        "dequal"
      ]
    },
    "entities@4.5.0": {
      "integrity": "sha512-V0hjH4dGPh9Ao5p0MoRY6BVqtwCjhz6vI5LT8AJ55H+4g9/4vbHx1I54fS0XuclLhDHArPQCiMjDxjaL8fPxhw=="
    },
    "esprima@4.0.1": {
      "integrity": "sha512-eGuFFw7Upda+g4p+QHvnW0RyTX/SVeJBDM/gCtMARO0cLuT2HcEKnTPvhjV6aGeqrCB/sbNop0Kszm0jsaWU4A==",
      "bin": true
    },
    "extend-shallow@2.0.1": {
      "integrity": "sha512-zCnTtlxNoAiDc3gqY2aYAWFx7XWWiasuF2K8Me5WbN8otHKTUKBwjPtNpRs/rbUZm7KxWAaNj7P1a/p52GbVug==",
      "dependencies": [
        "is-extendable"
      ]
    },
    "fast-glob@3.3.3": {
      "integrity": "sha512-7MptL8U0cqcFdzIzwOTHoilX9x5BrNqye7Z/LuC7kCMRio1EMSyqRK3BEAUD7sXRq4iT4AzTVuZdhgQ2TCvYLg==",
      "dependencies": [
        "@nodelib/fs.stat",
        "@nodelib/fs.walk",
        "glob-parent",
        "merge2",
        "micromatch"
      ]
    },
    "fastq@1.20.1": {
      "integrity": "sha512-GGToxJ/w1x32s/D2EKND7kTil4n8OVk/9mycTc4VDza13lOvpUZTGX3mFSCtV9ksdGBVzvsyAVLM6mHFThxXxw==",
      "dependencies": [
        "reusify"
      ]
    },
    "fill-range@7.1.1": {
      "integrity": "sha512-YsGpe3WHLK8ZYi4tWDg2Jy3ebRz2rXowDxnld4bkQB00cc/1Zw9AWnC0i9ztDJitivtQvaI9KaLyKrc+hBW0yg==",
      "dependencies": [
        "to-regex-range"
      ]
    },
    "get-east-asian-width@1.5.0": {
      "integrity": "sha512-CQ+bEO+Tva/qlmw24dCejulK5pMzVnUOFOijVogd3KQs07HnRIgp8TGipvCCRT06xeYEbpbgwaCxglFyiuIcmA=="
    },
    "glob-parent@5.1.2": {
      "integrity": "sha512-AOIgSQCepiJYwP3ARnGx+5VnTu2HBYdzbGP45eLw1vr3zB3vZLeyed1sC9hnbcOc9/SrMyM5RPQrkGz4aS9Zow==",
      "dependencies": [
        "is-glob"
      ]
    },
    "globby@16.2.0": {
      "integrity": "sha512-QrJia2qDf5BB/V6HYlDTs0I0lBahyjLzpGQg3KT7FnCdTonAyPy2RtY802m2k4ALx6Dp752f82WsOczEVr3l6Q==",
      "dependencies": [
        "@sindresorhus/merge-streams",
        "fast-glob",
        "ignore",
        "is-path-inside",
        "slash",
        "unicorn-magic"
      ]
    },
    "graphql-relay@0.10.2_graphql@16.13.2": {
      "integrity": "sha512-abybva1hmlNt7Y9pMpAzHuFnM2Mme/a2Usd8S4X27fNteLGRAECMYfhmsrpZFvGn3BhmBZugMXYW/Mesv3P1Kw==",
      "dependencies": [
        "graphql"
      ]
    },
    "graphql-scalars@1.25.0_graphql@16.13.2": {
      "integrity": "sha512-b0xyXZeRFkne4Eq7NAnL400gStGqG/Sx9VqX0A05nHyEbv57UJnWKsjNnrpVqv5e/8N1MUxkt0wwcRXbiyKcFg==",
      "dependencies": [
        "graphql",
        "tslib"
      ]
    },
    "graphql-yoga@5.21.0_graphql@16.13.2": {
      "integrity": "sha512-PS37UoDihx8209RRl1ogttzWevNYDnGvP7beHkwHzUpUdfZTHsVRTVe1ysGXre1EjwUAePbpez302YSrq70Ngw==",
      "dependencies": [
        "@envelop/core",
        "@envelop/instrumentation",
        "@graphql-tools/executor",
        "@graphql-tools/schema",
        "@graphql-tools/utils@10.11.0_graphql@16.13.2",
        "@graphql-yoga/logger",
        "@graphql-yoga/subscription",
        "@whatwg-node/fetch",
        "@whatwg-node/promise-helpers",
        "@whatwg-node/server",
        "graphql",
        "lru-cache",
        "tslib"
      ]
    },
    "graphql@16.13.2": {
      "integrity": "sha512-5bJ+nf/UCpAjHM8i06fl7eLyVC9iuNAjm9qzkiu2ZGhM0VscSvS6WDPfAwkdkBuoXGM9FJSbKl6wylMwP9Ktig=="
    },
    "gray-matter@4.0.3": {
      "integrity": "sha512-5v6yZd4JK3eMI3FqqCouswVqwugaA9r4dNZB1wwcmrD02QkV5H0y7XBQW8QwQqEaZY1pM9aqORSORhJRdNK44Q==",
      "dependencies": [
        "js-yaml@3.14.2",
        "kind-of",
        "section-matter",
        "strip-bom-string"
      ]
    },
    "i18next@26.0.8": {
      "integrity": "sha512-BRzLom0mhDhV9v0QhgUUHWQJuwFmnr1194xEcNLYD6ym8y8s542n4jXUvRLnhNTbh9PmpU6kGZamyuGHQMsGjw=="
    },
    "ignore@7.0.5": {
      "integrity": "sha512-Hs59xBNfUIunMFgWAbGX5cq6893IbWg4KnrjbYwX3tx0ztorVgTDA6B2sxf8ejHJ4wz8BqGUMYlnzNBer5NvGg=="
    },
    "is-alphabetical@2.0.1": {
      "integrity": "sha512-FWyyY60MeTNyeSRpkM2Iry0G9hpr7/9kD40mD/cGQEuilcZYS4okz8SN2Q6rLCJ8gbCt6fN+rC+6tMGS99LaxQ=="
    },
    "is-alphanumerical@2.0.1": {
      "integrity": "sha512-hmbYhX/9MUMF5uh7tOXyK/n0ZvWpad5caBA17GsC6vyuCqaWliRG5K1qS9inmUhEMaOBIW7/whAnSwveW/LtZw==",
      "dependencies": [
        "is-alphabetical",
        "is-decimal"
      ]
    },
    "is-decimal@2.0.1": {
      "integrity": "sha512-AAB9hiomQs5DXWcRB1rqsxGUstbRroFOPPVAomNk/3XHR5JyEZChOyTWe2oayKnsSsr/kcGqF+z6yuH6HHpN0A=="
    },
    "is-extendable@0.1.1": {
      "integrity": "sha512-5BMULNob1vgFX6EjQw5izWDxrecWK9AM72rugNr0TFldMOi0fj6Jk+zeKIt0xGj4cEfQIJth4w3OKWOJ4f+AFw=="
    },
    "is-extglob@2.1.1": {
      "integrity": "sha512-SbKbANkN603Vi4jEZv49LeVJMn4yGwsbzZworEoyEiutsN3nJYdbO36zfhGJ6QEDpOZIFkDtnq5JRxmvl3jsoQ=="
    },
    "is-glob@4.0.3": {
      "integrity": "sha512-xelSayHH36ZgE7ZWhli7pW34hNbNl8Ojv5KVmkJD4hBdD3th8Tfk9vYasLM+mXWOZhFkgZfxhLSnrwRr4elSSg==",
      "dependencies": [
        "is-extglob"
      ]
    },
    "is-hexadecimal@2.0.1": {
      "integrity": "sha512-DgZQp241c8oO6cA1SbTEWiXeoxV42vlcJxgH+B3hi1AiqqKruZR3ZGF8In3fj4+/y/7rHvlOZLZtgJ/4ttYGZg=="
    },
    "is-number@7.0.0": {
      "integrity": "sha512-41Cifkg6e8TylSpdtTpeLVMqvSBEVzTttHvERD741+pnZ8ANv0004MRL43QKPDlK9cGvNp6NZWZUBlbGXYxxng=="
    },
    "is-path-inside@4.0.0": {
      "integrity": "sha512-lJJV/5dYS+RcL8uQdBDW9c9uWFLLBNRyFhnAKXw5tVqLlKZ4RMGZKv+YQ/IA3OhD+RpbJa1LLFM1FQPGyIXvOA=="
    },
    "js-yaml@3.14.2": {
      "integrity": "sha512-PMSmkqxr106Xa156c2M265Z+FTrPl+oxd/rgOQy2tijQeK5TxQ43psO1ZCwhVOSdnn+RzkzlRz/eY4BgJBYVpg==",
      "dependencies": [
        "argparse@1.0.10",
        "esprima"
      ],
      "bin": true
    },
    "js-yaml@4.1.1": {
      "integrity": "sha512-qQKT4zQxXl8lLwBtHMWwaTcGfFOZviOJet3Oy/xmGk2gZH677CJM9EvtfdSkgWcATZhj/55JZ0rmy3myCT5lsA==",
      "dependencies": [
        "argparse@2.0.1"
      ],
      "bin": true
    },
    "jsonc-parser@3.3.1": {
      "integrity": "sha512-HUgH65KyejrUFPvHFPbqOY0rsFip3Bo5wb4ngvdi1EpCYWUQDC5V+Y7mZws+DLkr4M//zQJoanu1SP+87Dv1oQ=="
    },
    "jsonpointer@5.0.1": {
      "integrity": "sha512-p/nXbhSEcu3pZRdkW1OfJhpsVtW1gd4Wa1fnQc9YLiTfAjn0312eMKimbdIQzuZl9aa9xUGaRlP9T/CJE/ditQ=="
    },
    "katex@0.16.45": {
      "integrity": "sha512-pQpZbdBu7wCTmQUh7ufPmLr0pFoObnGUoL/yhtwJDgmmQpbkg/0HSVti25Fu4rmd1oCR6NGWe9vqTWuWv3GcNA==",
      "dependencies": [
        "commander"
      ],
      "bin": true
    },
    "kind-of@6.0.3": {
      "integrity": "sha512-dcS1ul+9tmeD95T+x28/ehLgd9mENa3LsvDTtzm3vyBEO7RPptvAD+t44WVXaUjTBRcrpFeFlC8WCruUR456hw=="
    },
    "linkify-it@5.0.0": {
      "integrity": "sha512-5aHCbzQRADcdP+ATqnDuhhJ/MRIqDkZX5pyjFHRRysS8vZ5AbqGEoFIb6pYHPZ+L/OC2Lc+xT8uHVVR5CAK/wQ==",
      "dependencies": [
        "uc.micro"
      ]
    },
    "longest-streak@3.1.0": {
      "integrity": "sha512-9Ri+o0JYgehTaVBBDoMqIl8GXtbWg711O3srftcHhZ0dqnETqLaoIK0x17fUw9rFSlK/0NlsKe0Ahhyl5pXE2g=="
    },
    "lru-cache@10.4.3": {
      "integrity": "sha512-JNAzZcXrCt42VGLuYz0zfAzDfAvJWW6AfYlDBQyDV5DClI2m5sAmK+OIO7s59XfsRsWHp02jAJrRadPRGTt6SQ=="
    },
    "markdown-it@14.1.1": {
      "integrity": "sha512-BuU2qnTti9YKgK5N+IeMubp14ZUKUUw7yeJbkjtosvHiP0AZ5c8IAgEMk79D0eC8F23r4Ac/q8cAIFdm2FtyoA==",
      "dependencies": [
        "argparse@2.0.1",
        "entities",
        "linkify-it",
        "mdurl",
        "punycode.js",
        "uc.micro"
      ],
      "bin": true
    },
    "markdownlint-cli2-formatter-default@0.0.6_markdownlint-cli2@0.22.1": {
      "integrity": "sha512-VVDGKsq9sgzu378swJ0fcHfSicUnMxnL8gnLm/Q4J/xsNJ4e5bA6lvAz7PCzIl0/No0lHyaWdqVD2jotxOSFMQ==",
      "dependencies": [
        "markdownlint-cli2"
      ]
    },
    "markdownlint-cli2@0.22.1": {
      "integrity": "sha512-X14ZbytybDCXAViDmtN4DKLt9ZTrRn+oOrxTYlg3a65jS6QcYYbAkGPh/En2L/GDNbFYJ6lKaQSUNrrbN1bPrw==",
      "dependencies": [
        "globby",
        "js-yaml@4.1.1",
        "jsonc-parser",
        "jsonpointer",
        "markdown-it",
        "markdownlint",
        "markdownlint-cli2-formatter-default",
        "micromatch",
        "smol-toml"
      ],
      "bin": true
    },
    "markdownlint-rule-relative-links@5.1.0": {
      "integrity": "sha512-0jZ3NlTXvAdV7XqWlVQ5guSee2W67acLrH102KOHk3t2nG5mzsoqGCBYUwNyeNBBpzc1hbj4bgi5maexB25V+A==",
      "dependencies": [
        "markdown-it",
        "mime"
      ]
    },
    "markdownlint@0.40.0": {
      "integrity": "sha512-UKybllYNheWac61Ia7T6fzuQNDZimFIpCg2w6hHjgV1Qu0w1TV0LlSgryUGzM0bkKQCBhy2FDhEELB73Kb0kAg==",
      "dependencies": [
        "micromark",
        "micromark-core-commonmark",
        "micromark-extension-directive",
        "micromark-extension-gfm-autolink-literal",
        "micromark-extension-gfm-footnote",
        "micromark-extension-gfm-table",
        "micromark-extension-math",
        "micromark-util-types",
        "string-width"
      ]
    },
    "mdast-util-from-markdown@2.0.3": {
      "integrity": "sha512-W4mAWTvSlKvf8L6J+VN9yLSqQ9AOAAvHuoDAmPkz4dHf553m5gVj2ejadHJhoJmcmxEnOv6Pa8XJhpxE93kb8Q==",
      "dependencies": [
        "@types/mdast",
        "@types/unist@3.0.3",
        "decode-named-character-reference",
        "devlop",
        "mdast-util-to-string",
        "micromark",
        "micromark-util-decode-numeric-character-reference",
        "micromark-util-decode-string",
        "micromark-util-normalize-identifier",
        "micromark-util-symbol",
        "micromark-util-types",
        "unist-util-stringify-position"
      ]
    },
    "mdast-util-phrasing@4.1.0": {
      "integrity": "sha512-TqICwyvJJpBwvGAMZjj4J2n0X8QWp21b9l0o7eXyVJ25YNWYbJDVIyD1bZXE6WtV6RmKJVYmQAKWa0zWOABz2w==",
      "dependencies": [
        "@types/mdast",
        "unist-util-is"
      ]
    },
    "mdast-util-to-markdown@2.1.2": {
      "integrity": "sha512-xj68wMTvGXVOKonmog6LwyJKrYXZPvlwabaryTjLh9LuvovB/KAH+kvi8Gjj+7rJjsFi23nkUxRQv1KqSroMqA==",
      "dependencies": [
        "@types/mdast",
        "@types/unist@3.0.3",
        "longest-streak",
        "mdast-util-phrasing",
        "mdast-util-to-string",
        "micromark-util-classify-character",
        "micromark-util-decode-string",
        "unist-util-visit",
        "zwitch"
      ]
    },
    "mdast-util-to-string@4.0.0": {
      "integrity": "sha512-0H44vDimn51F0YwvxSJSm0eCDOJTRlmN0R1yBh4HLj9wiV1Dn0QoXGbvFAWj2hSItVTlCmBF1hqKlIyUBVFLPg==",
      "dependencies": [
        "@types/mdast"
      ]
    },
    "mdast@3.0.0": {
      "integrity": "sha512-xySmf8g4fPKMeC07jXGz971EkLbWAJ83s4US2Tj9lEdnZ142UP5grN73H1Xd3HzrdbU5o9GYYP/y8F9ZSwLE9g==",
      "deprecated": true
    },
    "mdurl@2.0.0": {
      "integrity": "sha512-Lf+9+2r+Tdp5wXDXC4PcIBjTDtq4UKjCPMQhKIuzpJNW0b96kVqSwW0bT7FhRSfmAiFYgP+SCRvdrDozfh0U5w=="
    },
    "merge2@1.4.1": {
      "integrity": "sha512-8q7VEgMJW4J8tcfVPy8g09NcQwZdbwFEqhe/WZkoIzjn/3TGDwtOCYtXGxA3O8tPzpczCCDgv+P2P5y00ZJOOg=="
    },
    "micromark-core-commonmark@2.0.3": {
      "integrity": "sha512-RDBrHEMSxVFLg6xvnXmb1Ayr2WzLAWjeSATAoxwKYJV94TeNavgoIdA0a9ytzDSVzBy2YKFK+emCPOEibLeCrg==",
      "dependencies": [
        "decode-named-character-reference",
        "devlop",
        "micromark-factory-destination",
        "micromark-factory-label",
        "micromark-factory-space",
        "micromark-factory-title",
        "micromark-factory-whitespace",
        "micromark-util-character",
        "micromark-util-chunked",
        "micromark-util-classify-character",
        "micromark-util-html-tag-name",
        "micromark-util-normalize-identifier",
        "micromark-util-resolve-all",
        "micromark-util-subtokenize",
        "micromark-util-symbol",
        "micromark-util-types"
      ]
    },
    "micromark-extension-directive@4.0.0": {
      "integrity": "sha512-/C2nqVmXXmiseSSuCdItCMho7ybwwop6RrrRPk0KbOHW21JKoCldC+8rFOaundDoRBUWBnJJcxeA/Kvi34WQXg==",
      "dependencies": [
        "devlop",
        "micromark-factory-space",
        "micromark-factory-whitespace",
        "micromark-util-character",
        "micromark-util-symbol",
        "micromark-util-types",
        "parse-entities"
      ]
    },
    "micromark-extension-gfm-autolink-literal@2.1.0": {
      "integrity": "sha512-oOg7knzhicgQ3t4QCjCWgTmfNhvQbDDnJeVu9v81r7NltNCVmhPy1fJRX27pISafdjL+SVc4d3l48Gb6pbRypw==",
      "dependencies": [
        "micromark-util-character",
        "micromark-util-sanitize-uri",
        "micromark-util-symbol",
        "micromark-util-types"
      ]
    },
    "micromark-extension-gfm-footnote@2.1.0": {
      "integrity": "sha512-/yPhxI1ntnDNsiHtzLKYnE3vf9JZ6cAisqVDauhp4CEHxlb4uoOTxOCJ+9s51bIB8U1N1FJ1RXOKTIlD5B/gqw==",
      "dependencies": [
        "devlop",
        "micromark-core-commonmark",
        "micromark-factory-space",
        "micromark-util-character",
        "micromark-util-normalize-identifier",
        "micromark-util-sanitize-uri",
        "micromark-util-symbol",
        "micromark-util-types"
      ]
    },
    "micromark-extension-gfm-table@2.1.1": {
      "integrity": "sha512-t2OU/dXXioARrC6yWfJ4hqB7rct14e8f7m0cbI5hUmDyyIlwv5vEtooptH8INkbLzOatzKuVbQmAYcbWoyz6Dg==",
      "dependencies": [
        "devlop",
        "micromark-factory-space",
        "micromark-util-character",
        "micromark-util-symbol",
        "micromark-util-types"
      ]
    },
    "micromark-extension-math@3.1.0": {
      "integrity": "sha512-lvEqd+fHjATVs+2v/8kg9i5Q0AP2k85H0WUOwpIVvUML8BapsMvh1XAogmQjOCsLpoKRCVQqEkQBB3NhVBcsOg==",
      "dependencies": [
        "@types/katex",
        "devlop",
        "katex",
        "micromark-factory-space",
        "micromark-util-character",
        "micromark-util-symbol",
        "micromark-util-types"
      ]
    },
    "micromark-factory-destination@2.0.1": {
      "integrity": "sha512-Xe6rDdJlkmbFRExpTOmRj9N3MaWmbAgdpSrBQvCFqhezUn4AHqJHbaEnfbVYYiexVSs//tqOdY/DxhjdCiJnIA==",
      "dependencies": [
        "micromark-util-character",
        "micromark-util-symbol",
        "micromark-util-types"
      ]
    },
    "micromark-factory-label@2.0.1": {
      "integrity": "sha512-VFMekyQExqIW7xIChcXn4ok29YE3rnuyveW3wZQWWqF4Nv9Wk5rgJ99KzPvHjkmPXF93FXIbBp6YdW3t71/7Vg==",
      "dependencies": [
        "devlop",
        "micromark-util-character",
        "micromark-util-symbol",
        "micromark-util-types"
      ]
    },
    "micromark-factory-space@2.0.1": {
      "integrity": "sha512-zRkxjtBxxLd2Sc0d+fbnEunsTj46SWXgXciZmHq0kDYGnck/ZSGj9/wULTV95uoeYiK5hRXP2mJ98Uo4cq/LQg==",
      "dependencies": [
        "micromark-util-character",
        "micromark-util-types"
      ]
    },
    "micromark-factory-title@2.0.1": {
      "integrity": "sha512-5bZ+3CjhAd9eChYTHsjy6TGxpOFSKgKKJPJxr293jTbfry2KDoWkhBb6TcPVB4NmzaPhMs1Frm9AZH7OD4Cjzw==",
      "dependencies": [
        "micromark-factory-space",
        "micromark-util-character",
        "micromark-util-symbol",
        "micromark-util-types"
      ]
    },
    "micromark-factory-whitespace@2.0.1": {
      "integrity": "sha512-Ob0nuZ3PKt/n0hORHyvoD9uZhr+Za8sFoP+OnMcnWK5lngSzALgQYKMr9RJVOWLqQYuyn6ulqGWSXdwf6F80lQ==",
      "dependencies": [
        "micromark-factory-space",
        "micromark-util-character",
        "micromark-util-symbol",
        "micromark-util-types"
      ]
    },
    "micromark-util-character@2.1.1": {
      "integrity": "sha512-wv8tdUTJ3thSFFFJKtpYKOYiGP2+v96Hvk4Tu8KpCAsTMs6yi+nVmGh1syvSCsaxz45J6Jbw+9DD6g97+NV67Q==",
      "dependencies": [
        "micromark-util-symbol",
        "micromark-util-types"
      ]
    },
    "micromark-util-chunked@2.0.1": {
      "integrity": "sha512-QUNFEOPELfmvv+4xiNg2sRYeS/P84pTW0TCgP5zc9FpXetHY0ab7SxKyAQCNCc1eK0459uoLI1y5oO5Vc1dbhA==",
      "dependencies": [
        "micromark-util-symbol"
      ]
    },
    "micromark-util-classify-character@2.0.1": {
      "integrity": "sha512-K0kHzM6afW/MbeWYWLjoHQv1sgg2Q9EccHEDzSkxiP/EaagNzCm7T/WMKZ3rjMbvIpvBiZgwR3dKMygtA4mG1Q==",
      "dependencies": [
        "micromark-util-character",
        "micromark-util-symbol",
        "micromark-util-types"
      ]
    },
    "micromark-util-combine-extensions@2.0.1": {
      "integrity": "sha512-OnAnH8Ujmy59JcyZw8JSbK9cGpdVY44NKgSM7E9Eh7DiLS2E9RNQf0dONaGDzEG9yjEl5hcqeIsj4hfRkLH/Bg==",
      "dependencies": [
        "micromark-util-chunked",
        "micromark-util-types"
      ]
    },
    "micromark-util-decode-numeric-character-reference@2.0.2": {
      "integrity": "sha512-ccUbYk6CwVdkmCQMyr64dXz42EfHGkPQlBj5p7YVGzq8I7CtjXZJrubAYezf7Rp+bjPseiROqe7G6foFd+lEuw==",
      "dependencies": [
        "micromark-util-symbol"
      ]
    },
    "micromark-util-decode-string@2.0.1": {
      "integrity": "sha512-nDV/77Fj6eH1ynwscYTOsbK7rR//Uj0bZXBwJZRfaLEJ1iGBR6kIfNmlNqaqJf649EP0F3NWNdeJi03elllNUQ==",
      "dependencies": [
        "decode-named-character-reference",
        "micromark-util-character",
        "micromark-util-decode-numeric-character-reference",
        "micromark-util-symbol"
      ]
    },
    "micromark-util-encode@2.0.1": {
      "integrity": "sha512-c3cVx2y4KqUnwopcO9b/SCdo2O67LwJJ/UyqGfbigahfegL9myoEFoDYZgkT7f36T0bLrM9hZTAaAyH+PCAXjw=="
    },
    "micromark-util-html-tag-name@2.0.1": {
      "integrity": "sha512-2cNEiYDhCWKI+Gs9T0Tiysk136SnR13hhO8yW6BGNyhOC4qYFnwF1nKfD3HFAIXA5c45RrIG1ub11GiXeYd1xA=="
    },
    "micromark-util-normalize-identifier@2.0.1": {
      "integrity": "sha512-sxPqmo70LyARJs0w2UclACPUUEqltCkJ6PhKdMIDuJ3gSf/Q+/GIe3WKl0Ijb/GyH9lOpUkRAO2wp0GVkLvS9Q==",
      "dependencies": [
        "micromark-util-symbol"
      ]
    },
    "micromark-util-resolve-all@2.0.1": {
      "integrity": "sha512-VdQyxFWFT2/FGJgwQnJYbe1jjQoNTS4RjglmSjTUlpUMa95Htx9NHeYW4rGDJzbjvCsl9eLjMQwGeElsqmzcHg==",
      "dependencies": [
        "micromark-util-types"
      ]
    },
    "micromark-util-sanitize-uri@2.0.1": {
      "integrity": "sha512-9N9IomZ/YuGGZZmQec1MbgxtlgougxTodVwDzzEouPKo3qFWvymFHWcnDi2vzV1ff6kas9ucW+o3yzJK9YB1AQ==",
      "dependencies": [
        "micromark-util-character",
        "micromark-util-encode",
        "micromark-util-symbol"
      ]
    },
    "micromark-util-subtokenize@2.1.0": {
      "integrity": "sha512-XQLu552iSctvnEcgXw6+Sx75GflAPNED1qx7eBJ+wydBb2KCbRZe+NwvIEEMM83uml1+2WSXpBAcp9IUCgCYWA==",
      "dependencies": [
        "devlop",
        "micromark-util-chunked",
        "micromark-util-symbol",
        "micromark-util-types"
      ]
    },
    "micromark-util-symbol@2.0.1": {
      "integrity": "sha512-vs5t8Apaud9N28kgCrRUdEed4UJ+wWNvicHLPxCa9ENlYuAY31M0ETy5y1vA33YoNPDFTghEbnh6efaE8h4x0Q=="
    },
    "micromark-util-types@2.0.2": {
      "integrity": "sha512-Yw0ECSpJoViF1qTU4DC6NwtC4aWGt1EkzaQB8KPPyCRR8z9TWeV0HbEFGTO+ZY1wB22zmxnJqhPyTpOVCpeHTA=="
    },
    "micromark@4.0.2": {
      "integrity": "sha512-zpe98Q6kvavpCr1NPVSCMebCKfD7CA2NqZ+rykeNhONIJBpc1tFKt9hucLGwha3jNTNI8lHpctWJWoimVF4PfA==",
      "dependencies": [
        "@types/debug",
        "debug",
        "decode-named-character-reference",
        "devlop",
        "micromark-core-commonmark",
        "micromark-factory-space",
        "micromark-util-character",
        "micromark-util-chunked",
        "micromark-util-combine-extensions",
        "micromark-util-decode-numeric-character-reference",
        "micromark-util-encode",
        "micromark-util-normalize-identifier",
        "micromark-util-resolve-all",
        "micromark-util-sanitize-uri",
        "micromark-util-subtokenize",
        "micromark-util-symbol",
        "micromark-util-types"
      ]
    },
    "micromatch@4.0.8": {
      "integrity": "sha512-PXwfBhYu0hBCPw8Dn0E+WDYb7af3dSLVWKi3HGv84IdF4TyFoC0ysxFd0Goxw7nSv4T/PzEJQxsYsEiFCKo2BA==",
      "dependencies": [
        "braces",
        "picomatch"
      ]
    },
    "mime@4.1.0": {
      "integrity": "sha512-X5ju04+cAzsojXKes0B/S4tcYtFAJ6tTMuSPBEn9CPGlrWr8Fiw7qYeLT0XyH80HSoAoqWCaz+MWKh22P7G1cw==",
      "bin": true
    },
    "ms@2.1.3": {
      "integrity": "sha512-6FlzubTLZG3J2a/NVCAleEhjzq5oxgHyaCU9yYXvcLsvoVaHJq/s5xXI6/XXP6tz7R9xAOtHnSO/tXtF3WRTlA=="
    },
    "parse-entities@4.0.2": {
      "integrity": "sha512-GG2AQYWoLgL877gQIKeRPGO1xF9+eG1ujIb5soS5gPvLQ1y2o8FL90w2QWNdf9I361Mpp7726c+lj3U0qK1uGw==",
      "dependencies": [
        "@types/unist@2.0.11",
        "character-entities-legacy",
        "character-reference-invalid",
        "decode-named-character-reference",
        "is-alphanumerical",
        "is-decimal",
        "is-hexadecimal"
      ]
    },
    "picomatch@2.3.2": {
      "integrity": "sha512-V7+vQEJ06Z+c5tSye8S+nHUfI51xoXIXjHQ99cQtKUkQqqO1kO/KCJUfZXuB47h/YBlDhah2H3hdUGXn8ie0oA=="
    },
    "punycode.js@2.3.1": {
      "integrity": "sha512-uxFIHU0YlHYhDQtV4R9J6a52SLx28BCjT+4ieh7IGbgwVJWO+km431c4yRlREUAsAmt/uMjQUyQHNEPf0M39CA=="
    },
    "queue-microtask@1.2.3": {
      "integrity": "sha512-NuaNSa6flKT5JaSYQzJok04JzTL1CA6aGhv5rfLW3PgqA+M2ChpZQnAC8h8i4ZFkBS8X5RqkDBHA7r4hej3K9A=="
    },
    "reusify@1.1.0": {
      "integrity": "sha512-g6QUff04oZpHs0eG5p83rFLhHeV00ug/Yf9nZM6fLeUrPguBTkTQOdpAWWspMh55TZfVQDPaN3NQJfbVRAxdIw=="
    },
    "run-parallel@1.2.0": {
      "integrity": "sha512-5l4VyZR86LZ/lDxZTR6jqL8AFE2S0IFLMP26AbjsLVADxHdhB/c0GUsH+y39UfCi3dzz8OlQuPmnaJOMoDHQBA==",
      "dependencies": [
        "queue-microtask"
      ]
    },
    "section-matter@1.0.0": {
      "integrity": "sha512-vfD3pmTzGpufjScBh50YHKzEu2lxBWhVEHsNGoEXmCmn2hKGfeNLYMzCJpe8cD7gqX7TJluOVpBkAequ6dgMmA==",
      "dependencies": [
        "extend-shallow",
        "kind-of"
      ]
    },
    "slash@5.1.0": {
      "integrity": "sha512-ZA6oR3T/pEyuqwMgAKT0/hAv8oAXckzbkmR0UkUosQ+Mc4RxGoJkRmwHgHufaenlyAgE1Mxgpdcrf75y6XcnDg=="
    },
    "smol-toml@1.6.1": {
      "integrity": "sha512-dWUG8F5sIIARXih1DTaQAX4SsiTXhInKf1buxdY9DIg4ZYPZK5nGM1VRIYmEbDbsHt7USo99xSLFu5Q1IqTmsg=="
    },
    "sprintf-js@1.0.3": {
      "integrity": "sha512-D9cPgkvLlV3t3IzL0D0YLvGA9Ahk4PcvVwUbN0dSGr1aP0Nrt4AEnTUbuGvquEC0mA64Gqt1fzirlRs5ibXx8g=="
    },
    "string-width@8.1.0": {
      "integrity": "sha512-Kxl3KJGb/gxkaUMOjRsQ8IrXiGW75O4E3RPjFIINOVH8AMl2SQ/yWdTzWwF3FevIX9LcMAjJW+GRwAlAbTSXdg==",
      "dependencies": [
        "get-east-asian-width",
        "strip-ansi"
      ]
    },
    "strip-ansi@7.2.0": {
      "integrity": "sha512-yDPMNjp4WyfYBkHnjIRLfca1i6KMyGCtsVgoKe/z1+6vukgaENdgGBZt+ZmKPc4gavvEZ5OgHfHdrazhgNyG7w==",
      "dependencies": [
        "ansi-regex"
      ]
    },
    "strip-bom-string@1.0.0": {
      "integrity": "sha512-uCC2VHvQRYu+lMh4My/sFNmF2klFymLX1wHJeXnbEJERpV/ZsVuonzerjfrGpIGF7LBVa1O7i9kjiWvJiFck8g=="
    },
    "to-regex-range@5.0.1": {
      "integrity": "sha512-65P7iz6X5yEr1cwcgvQxbbIw7Uk3gOy5dIdtZ4rDveLqhrdJP+Li/Hx6tyK0NEb+2GCyneCMJiGqrADCSNk8sQ==",
      "dependencies": [
        "is-number"
      ]
    },
    "tslib@2.8.1": {
      "integrity": "sha512-oJFu94HQb+KVduSUQL7wnpmqnfmLsOA/nAh6b6EH0wCEoK0/mPeXU6c3wKDV83MkOuHPRHtSXKKU99IBazS/2w=="
    },
    "uc.micro@2.1.0": {
      "integrity": "sha512-ARDJmphmdvUk6Glw7y9DQ2bFkKBHwQHLi2lsaH6PPmz/Ka9sFOBsBluozhDltWmnv9u/cF6Rt87znRTPV+yp/A=="
    },
    "unicorn-magic@0.4.0": {
      "integrity": "sha512-wH590V9VNgYH9g3lH9wWjTrUoKsjLF6sGLjhR4sH1LWpLmCOH0Zf7PukhDA8BiS7KHe4oPNkcTHqYkj7SOGUOw=="
    },
    "unist-util-is@6.0.1": {
      "integrity": "sha512-LsiILbtBETkDz8I9p1dQ0uyRUWuaQzd/cuEeS1hoRSyW5E5XGmTzlwY1OrNzzakGowI9Dr/I8HVaw4hTtnxy8g==",
      "dependencies": [
        "@types/unist@3.0.3"
      ]
    },
    "unist-util-stringify-position@4.0.0": {
      "integrity": "sha512-0ASV06AAoKCDkS2+xw5RXJywruurpbC4JZSm7nr7MOt1ojAzvyyaO+UxZf18j8FCF6kmzCZKcAgN/yu2gm2XgQ==",
      "dependencies": [
        "@types/unist@3.0.3"
      ]
    },
    "unist-util-visit-parents@6.0.2": {
      "integrity": "sha512-goh1s1TBrqSqukSc8wrjwWhL0hiJxgA8m4kFxGlQ+8FYQ3C/m11FcTs4YYem7V664AhHVvgoQLk890Ssdsr2IQ==",
      "dependencies": [
        "@types/unist@3.0.3",
        "unist-util-is"
      ]
    },
    "unist-util-visit@5.1.0": {
      "integrity": "sha512-m+vIdyeCOpdr/QeQCu2EzxX/ohgS8KbnPDgFni4dQsfSCtpz8UqDyY5GjRru8PDKuYn7Fq19j1CQ+nJSsGKOzg==",
      "dependencies": [
        "@types/unist@3.0.3",
        "unist-util-is",
        "unist-util-visit-parents"
      ]
    },
    "urlpattern-polyfill@10.1.0": {
      "integrity": "sha512-IGjKp/o0NL3Bso1PymYURCJxMPNAf/ILOpendP9f5B6e1rTJgdgiOvgfoT8VxCAdY+Wisb9uhGaJJf3yZ2V9nw=="
    },
    "zwitch@2.0.4": {
      "integrity": "sha512-bXE4cR/kVZhKZX/RjPEflHaKVhUVl85noU3v6b8apfQEc1x4A+zBxjZ4lN8LqGd6WZ3dl98pY4o717VFmoPp+A=="
    }
  },
  "workspace": {
    "dependencies": [
      "jsr:@std/path@^1.1.4",
      "npm:@TomokiMiyauci/codec-asset@0.1.33",
      "npm:@TomokiMiyauci/codec-boolean@0.1.33",
      "npm:@TomokiMiyauci/codec-datetime@~0.1.33",
      "npm:@TomokiMiyauci/codec-instance@0.1.33",
      "npm:@TomokiMiyauci/codec-list@0.1.33",
      "npm:@TomokiMiyauci/codec-map@0.1.33",
      "npm:@TomokiMiyauci/codec-markdown@0.1.33",
      "npm:@TomokiMiyauci/codec-number@0.1.33",
      "npm:@TomokiMiyauci/codec-reference@~0.1.33",
      "npm:@TomokiMiyauci/codec-string@0.1.33",
      "npm:@TomokiMiyauci/codec-union@~0.1.33",
      "npm:@TomokiMiyauci/converter-path@~0.1.33",
      "npm:@TomokiMiyauci/cosmos@0.1.33",
      "npm:@TomokiMiyauci/delivery@0.1.33",
      "npm:@TomokiMiyauci/formatter-frontmatter@0.1.33",
      "npm:@TomokiMiyauci/formatter-json@0.1.33",
      "npm:@TomokiMiyauci/formatter-text@0.1.33",
      "npm:@TomokiMiyauci/formatter-yaml@0.1.33",
      "npm:@TomokiMiyauci/graphql-schema-transformer@~0.1.33",
      "npm:@TomokiMiyauci/indexer@0.1.33",
      "npm:@TomokiMiyauci/locator-fs@~0.1.33",
      "npm:@TomokiMiyauci/protocol-graphql@0.1.33",
      "npm:@TomokiMiyauci/storage-fs@0.1.33",
      "npm:@TomokiMiyauci/store-sqlite@0.1.33",
      "npm:i18next@^26.0.8",
      "npm:markdownlint-cli2@~0.22.1",
      "npm:markdownlint-rule-relative-links@^5.1.0"
    ]
  }
}
